// !$*UTF8*$!
{
	archiveVersion = 1;
	classes = {
	};
	objectVersion = 46;
	objects = {

/* Begin PBXAggregateTarget section */
		AEB8804D4213490EBA99E7B3 /* ALL_BUILD */ = {
			isa = PBXAggregateTarget;
			buildConfigurationList = A448497EF76F4D939D783F23 /* Build configuration list for PBXAggregateTarget "ALL_BUILD" */;
			buildPhases = (
				299410A08D4D4AB0957A4353 /* CMake Rules */,
			);
			dependencies = (
				FEB7C8563B6D42EAB4744D55 /* PBXTargetDependency */,
				34951106B0E1448481A8B74D /* PBXTargetDependency */,
			);
			name = ALL_BUILD;
			productName = ALL_BUILD;
		};
		F341A2B3C241486082A243D2 /* ZERO_CHECK */ = {
			isa = PBXAggregateTarget;
			buildConfigurationList = C7BE46470B5840F8A7A2DB84 /* Build configuration list for PBXAggregateTarget "ZERO_CHECK" */;
			buildPhases = (
				8EF1F81D29F04D49B90C368E /* CMake Rules */,
			);
			dependencies = (
			);
			name = ZERO_CHECK;
			productName = ZERO_CHECK;
		};
/* End PBXAggregateTarget section */

/* Begin PBXBuildFile section */
		07FDE93D8319489D954082E0 /* /Users/alex/Documents/l1t-macros/Plotting/TL1Turnon.h */ = {isa = PBXBuildFile; fileRef = 4D24696D150948B9B96ECB36 /* /Users/alex/Documents/l1t-macros/Plotting/TL1Turnon.h */; settings = {COMPILER_FLAGS = ""; }; };
		0BBE43F3D1434BF784A5D7ED /* /Users/alex/Documents/l1t-macros/Plotting/TL1Rates.h */ = {isa = PBXBuildFile; fileRef = 160AF72D855B4890A876B299 /* /Users/alex/Documents/l1t-macros/Plotting/TL1Rates.h */; settings = {COMPILER_FLAGS = ""; }; };
		20AB151C5B104B2CB6EBF301 /* /Users/alex/Documents/l1t-macros/Plotting/TL1Resolution.h */ = {isa = PBXBuildFile; fileRef = 7B7AB0DBF7484C839ED98EAC /* /Users/alex/Documents/l1t-macros/Plotting/TL1Resolution.h */; settings = {COMPILER_FLAGS = ""; }; };
		2420E7D457044133B68E10C7 /* /Users/alex/Documents/l1t-macros/generatePUWeights.cxx */ = {isa = PBXBuildFile; fileRef = 4F4E69A1D7EB4E3FB6D34E53 /* /Users/alex/Documents/l1t-macros/generatePUWeights.cxx */; settings = {COMPILER_FLAGS = ""; }; };
		2C221E2A9E124835BC7C67D6 /* /Users/alex/Documents/l1t-macros/Event/TL1PrimitiveEventClass.h */ = {isa = PBXBuildFile; fileRef = 82DBC6B67B11472FA6F4A465 /* /Users/alex/Documents/l1t-macros/Event/TL1PrimitiveEventClass.h */; settings = {COMPILER_FLAGS = ""; }; };
		43131F6B491540DD9FB33C89 /* /Users/alex/Documents/l1t-macros/makeRates_old.cxx */ = {isa = PBXBuildFile; fileRef = 082AA5E086784F10909A2A71 /* /Users/alex/Documents/l1t-macros/makeRates_old.cxx */; settings = {COMPILER_FLAGS = ""; }; };
		5105E1774AA9429E9F6C8A00 /* /Users/alex/Documents/l1t-macros/makeJetXvsY.cxx */ = {isa = PBXBuildFile; fileRef = ACD1CB96053149B5B2E0E338 /* /Users/alex/Documents/l1t-macros/makeJetXvsY.cxx */; settings = {COMPILER_FLAGS = ""; }; };
		5CB806B84C4C44F28A3FAB7A /* /Users/alex/Documents/l1t-macros/Plotting/TL1Plots.h */ = {isa = PBXBuildFile; fileRef = 0A6D5A5D480D4935AC9D5B89 /* /Users/alex/Documents/l1t-macros/Plotting/TL1Plots.h */; settings = {COMPILER_FLAGS = ""; }; };
		5E01B6148D954B55B5D0BC35 /* /Users/alex/Documents/l1t-macros/makeRateEfficiency.cxx */ = {isa = PBXBuildFile; fileRef = C1FAA1442FB44F11A4AD7A34 /* /Users/alex/Documents/l1t-macros/makeRateEfficiency.cxx */; settings = {COMPILER_FLAGS = ""; }; };
		6D29F2EE7F104CC8BBACB7D4 /* /Users/alex/Documents/l1t-macros/makeResolutions.cxx */ = {isa = PBXBuildFile; fileRef = C890D78EAF924B81BDA0881C /* /Users/alex/Documents/l1t-macros/makeResolutions.cxx */; settings = {COMPILER_FLAGS = ""; }; };
		7F5D983F4E1A439BB7C39F1E /* /Users/alex/Documents/l1t-macros/Plotting/TL1XvsY.h */ = {isa = PBXBuildFile; fileRef = E94FAC78A70B4D09B496C533 /* /Users/alex/Documents/l1t-macros/Plotting/TL1XvsY.h */; settings = {COMPILER_FLAGS = ""; }; };
		85FB396A7A6B48B9B6A286DD /* /Users/alex/Documents/l1t-macros/makeXvsY.cxx */ = {isa = PBXBuildFile; fileRef = 725E265C2F6D4239AF1CFBD8 /* /Users/alex/Documents/l1t-macros/makeXvsY.cxx */; settings = {COMPILER_FLAGS = ""; }; };
		865668780E96442F89A8025C /* /Users/alex/Documents/l1t-macros/makeTurnons.cxx */ = {isa = PBXBuildFile; fileRef = C31CD1BA0C0642E1B2C229AE /* /Users/alex/Documents/l1t-macros/makeTurnons.cxx */; settings = {COMPILER_FLAGS = ""; }; };
		9E98763DA3564C27B3BD73D3 /* /Users/alex/Documents/l1t-macros/Plotting/TL1RateEfficiency.h */ = {isa = PBXBuildFile; fileRef = 4FAAA9F549704AC8978CF05C /* /Users/alex/Documents/l1t-macros/Plotting/TL1RateEfficiency.h */; settings = {COMPILER_FLAGS = ""; }; };
		9FEF51D843BB42318A74BCF3 /* /Users/alex/Documents/l1t-macros/Event/TL1EventClass.h */ = {isa = PBXBuildFile; fileRef = 11EAF915474D4757B84C686A /* /Users/alex/Documents/l1t-macros/Event/TL1EventClass.h */; settings = {COMPILER_FLAGS = ""; }; };
		A9839A3ECC584FB9B2BF5D5C /* /Users/alex/Documents/l1t-macros/makeJetResolutions.cxx */ = {isa = PBXBuildFile; fileRef = 877DFBA73AFC491DAE8B0A23 /* /Users/alex/Documents/l1t-macros/makeJetResolutions.cxx */; settings = {COMPILER_FLAGS = ""; }; };
		AC4582BD2B514E71BFA080F4 /* /Users/alex/Documents/l1t-macros/CMakeLists.txt */ = {isa = PBXBuildFile; fileRef = B2B556F14DA943E5AE5DA475 /* /Users/alex/Documents/l1t-macros/CMakeLists.txt */; settings = {COMPILER_FLAGS = ""; }; };
		AFBDD1B29C874E17B9DA1DC3 /* /Users/alex/Documents/l1t-macros/Plotting/TL1PUWeights.h */ = {isa = PBXBuildFile; fileRef = CB572065F1064493B4A6127A /* /Users/alex/Documents/l1t-macros/Plotting/TL1PUWeights.h */; settings = {COMPILER_FLAGS = ""; }; };
		D127D87DC2FA4EB9B1D604C5 /* /Users/alex/Documents/l1t-macros/makeJetTurnons.cxx */ = {isa = PBXBuildFile; fileRef = 81F196D604964FB0954BCEE9 /* /Users/alex/Documents/l1t-macros/makeJetTurnons.cxx */; settings = {COMPILER_FLAGS = ""; }; };
		D789BEF0F3C34B0DAB1C57E7 /* /Users/alex/Documents/l1t-macros/Event/TL1DataClass.h */ = {isa = PBXBuildFile; fileRef = 453A805829E743F797BF4553 /* /Users/alex/Documents/l1t-macros/Event/TL1DataClass.h */; settings = {COMPILER_FLAGS = ""; }; };
		E3F2A703CC4D43E78443D792 /* /Users/alex/Documents/l1t-macros/makeRates.cxx */ = {isa = PBXBuildFile; fileRef = 4F17F1FA0B154EE1B79016DC /* /Users/alex/Documents/l1t-macros/makeRates.cxx */; settings = {COMPILER_FLAGS = ""; }; };
/* End PBXBuildFile section */

/* Begin PBXBuildStyle section */
		22ED5EA912DD47688C654EFC /* MinSizeRel */ = {
			isa = PBXBuildStyle;
			buildSettings = {
				COPY_PHASE_STRIP = NO;
			};
			name = MinSizeRel;
		};
		360FE9F675B34C97B71968F5 /* RelWithDebInfo */ = {
			isa = PBXBuildStyle;
			buildSettings = {
				COPY_PHASE_STRIP = NO;
			};
			name = RelWithDebInfo;
		};
		429612E8C187407482DE38F5 = {
			isa = PBXBuildStyle;
		};
		7AF24E3E36404E3CB185E8E7 /* Debug */ = {
			isa = PBXBuildStyle;
			buildSettings = {
				COPY_PHASE_STRIP = NO;
			};
			name = Debug;
		};
		A47120E7FC184AD384B0AB2C /* Release */ = {
			isa = PBXBuildStyle;
			buildSettings = {
				COPY_PHASE_STRIP = NO;
			};
			name = Release;
		};
/* End PBXBuildStyle section */

/* Begin PBXContainerItemProxy section */
		044FEE9773F142E6821BBF8A /* PBXContainerItemProxy */ = {
			isa = PBXContainerItemProxy;
			containerPortal = EC9A9A14678848C691F6C6DC /* Project object */;
			proxyType = 1;
			remoteGlobalIDString = F341A2B3C241486082A243D2;
			remoteInfo = ZERO_CHECK;
		};
		06B19A7A27084566B979A355 /* PBXContainerItemProxy */ = {
			isa = PBXContainerItemProxy;
			containerPortal = EC9A9A14678848C691F6C6DC /* Project object */;
			proxyType = 1;
			remoteGlobalIDString = BD2AD6E8D213425E935CACFD;
			remoteInfo = "l1t-macros";
		};
		6C96601E7190480DABF139D0 /* PBXContainerItemProxy */ = {
			isa = PBXContainerItemProxy;
			containerPortal = EC9A9A14678848C691F6C6DC /* Project object */;
			proxyType = 1;
			remoteGlobalIDString = F341A2B3C241486082A243D2;
			remoteInfo = ZERO_CHECK;
		};
/* End PBXContainerItemProxy section */

/* Begin PBXFileReference section */
		082AA5E086784F10909A2A71 /* /Users/alex/Documents/l1t-macros/makeRates_old.cxx */ = {isa = PBXFileReference; explicitFileType = sourcecode.cpp.cpp; fileEncoding = 4; name = makeRates_old.cxx; path = makeRates_old.cxx; sourceTree = SOURCE_ROOT; };
		0A6D5A5D480D4935AC9D5B89 /* /Users/alex/Documents/l1t-macros/Plotting/TL1Plots.h */ = {isa = PBXFileReference; explicitFileType = sourcecode.c.h; fileEncoding = 4; name = TL1Plots.h; path = Plotting/TL1Plots.h; sourceTree = SOURCE_ROOT; };
		11EAF915474D4757B84C686A /* /Users/alex/Documents/l1t-macros/Event/TL1EventClass.h */ = {isa = PBXFileReference; explicitFileType = sourcecode.c.h; fileEncoding = 4; name = TL1EventClass.h; path = Event/TL1EventClass.h; sourceTree = SOURCE_ROOT; };
		160AF72D855B4890A876B299 /* /Users/alex/Documents/l1t-macros/Plotting/TL1Rates.h */ = {isa = PBXFileReference; explicitFileType = sourcecode.c.h; fileEncoding = 4; name = TL1Rates.h; path = Plotting/TL1Rates.h; sourceTree = SOURCE_ROOT; };
		453A805829E743F797BF4553 /* /Users/alex/Documents/l1t-macros/Event/TL1DataClass.h */ = {isa = PBXFileReference; explicitFileType = sourcecode.c.h; fileEncoding = 4; name = TL1DataClass.h; path = Event/TL1DataClass.h; sourceTree = SOURCE_ROOT; };
		4D24696D150948B9B96ECB36 /* /Users/alex/Documents/l1t-macros/Plotting/TL1Turnon.h */ = {isa = PBXFileReference; explicitFileType = sourcecode.c.h; fileEncoding = 4; name = TL1Turnon.h; path = Plotting/TL1Turnon.h; sourceTree = SOURCE_ROOT; };
		4F17F1FA0B154EE1B79016DC /* /Users/alex/Documents/l1t-macros/makeRates.cxx */ = {isa = PBXFileReference; explicitFileType = sourcecode.cpp.cpp; fileEncoding = 4; name = makeRates.cxx; path = makeRates.cxx; sourceTree = SOURCE_ROOT; };
		4F4E69A1D7EB4E3FB6D34E53 /* /Users/alex/Documents/l1t-macros/generatePUWeights.cxx */ = {isa = PBXFileReference; explicitFileType = sourcecode.cpp.cpp; fileEncoding = 4; name = generatePUWeights.cxx; path = generatePUWeights.cxx; sourceTree = SOURCE_ROOT; };
		4FAAA9F549704AC8978CF05C /* /Users/alex/Documents/l1t-macros/Plotting/TL1RateEfficiency.h */ = {isa = PBXFileReference; explicitFileType = sourcecode.c.h; fileEncoding = 4; name = TL1RateEfficiency.h; path = Plotting/TL1RateEfficiency.h; sourceTree = SOURCE_ROOT; };
		521EAFDBDBEC4D9788C73B48 /* /Users/alex/Documents/l1t-macros/CMakeLists.txt */ = {isa = PBXFileReference; explicitFileType = sourcecode.text; fileEncoding = 4; name = CMakeLists.txt; path = CMakeLists.txt; sourceTree = SOURCE_ROOT; };
		725E265C2F6D4239AF1CFBD8 /* /Users/alex/Documents/l1t-macros/makeXvsY.cxx */ = {isa = PBXFileReference; explicitFileType = sourcecode.cpp.cpp; fileEncoding = 4; name = makeXvsY.cxx; path = makeXvsY.cxx; sourceTree = SOURCE_ROOT; };
		7B7AB0DBF7484C839ED98EAC /* /Users/alex/Documents/l1t-macros/Plotting/TL1Resolution.h */ = {isa = PBXFileReference; explicitFileType = sourcecode.c.h; fileEncoding = 4; name = TL1Resolution.h; path = Plotting/TL1Resolution.h; sourceTree = SOURCE_ROOT; };
		81F196D604964FB0954BCEE9 /* /Users/alex/Documents/l1t-macros/makeJetTurnons.cxx */ = {isa = PBXFileReference; explicitFileType = sourcecode.cpp.cpp; fileEncoding = 4; name = makeJetTurnons.cxx; path = makeJetTurnons.cxx; sourceTree = SOURCE_ROOT; };
		82DBC6B67B11472FA6F4A465 /* /Users/alex/Documents/l1t-macros/Event/TL1PrimitiveEventClass.h */ = {isa = PBXFileReference; explicitFileType = sourcecode.c.h; fileEncoding = 4; name = TL1PrimitiveEventClass.h; path = Event/TL1PrimitiveEventClass.h; sourceTree = SOURCE_ROOT; };
		877DFBA73AFC491DAE8B0A23 /* /Users/alex/Documents/l1t-macros/makeJetResolutions.cxx */ = {isa = PBXFileReference; explicitFileType = sourcecode.cpp.cpp; fileEncoding = 4; name = makeJetResolutions.cxx; path = makeJetResolutions.cxx; sourceTree = SOURCE_ROOT; };
		ACD1CB96053149B5B2E0E338 /* /Users/alex/Documents/l1t-macros/makeJetXvsY.cxx */ = {isa = PBXFileReference; explicitFileType = sourcecode.cpp.cpp; fileEncoding = 4; name = makeJetXvsY.cxx; path = makeJetXvsY.cxx; sourceTree = SOURCE_ROOT; };
		B2B556F14DA943E5AE5DA475 /* /Users/alex/Documents/l1t-macros/CMakeLists.txt */ = {isa = PBXFileReference; explicitFileType = sourcecode.text; fileEncoding = 4; name = CMakeLists.txt; path = CMakeLists.txt; sourceTree = SOURCE_ROOT; };
		B94C3A4F852345A9A5D284A5 /* l1t-macros */ = {isa = PBXFileReference; explicitFileType = "compiled.mach-o.executable"; path = "l1t-macros"; refType = 0; sourceTree = BUILT_PRODUCTS_DIR; };
		C1FAA1442FB44F11A4AD7A34 /* /Users/alex/Documents/l1t-macros/makeRateEfficiency.cxx */ = {isa = PBXFileReference; explicitFileType = sourcecode.cpp.cpp; fileEncoding = 4; name = makeRateEfficiency.cxx; path = makeRateEfficiency.cxx; sourceTree = SOURCE_ROOT; };
		C31CD1BA0C0642E1B2C229AE /* /Users/alex/Documents/l1t-macros/makeTurnons.cxx */ = {isa = PBXFileReference; explicitFileType = sourcecode.cpp.cpp; fileEncoding = 4; name = makeTurnons.cxx; path = makeTurnons.cxx; sourceTree = SOURCE_ROOT; };
		C890D78EAF924B81BDA0881C /* /Users/alex/Documents/l1t-macros/makeResolutions.cxx */ = {isa = PBXFileReference; explicitFileType = sourcecode.cpp.cpp; fileEncoding = 4; name = makeResolutions.cxx; path = makeResolutions.cxx; sourceTree = SOURCE_ROOT; };
		CB572065F1064493B4A6127A /* /Users/alex/Documents/l1t-macros/Plotting/TL1PUWeights.h */ = {isa = PBXFileReference; explicitFileType = sourcecode.c.h; fileEncoding = 4; name = TL1PUWeights.h; path = Plotting/TL1PUWeights.h; sourceTree = SOURCE_ROOT; };
		D56FE5BA943F48AB9DD48626 /* /Users/alex/Documents/l1t-macros/CMakeLists.txt */ = {isa = PBXFileReference; explicitFileType = sourcecode.text; fileEncoding = 4; name = CMakeLists.txt; path = CMakeLists.txt; sourceTree = SOURCE_ROOT; };
		E94FAC78A70B4D09B496C533 /* /Users/alex/Documents/l1t-macros/Plotting/TL1XvsY.h */ = {isa = PBXFileReference; explicitFileType = sourcecode.c.h; fileEncoding = 4; name = TL1XvsY.h; path = Plotting/TL1XvsY.h; sourceTree = SOURCE_ROOT; };
/* End PBXFileReference section */

/* Begin PBXGroup section */
		023C9FE8C897452CA1806659 /* Sources */ = {
			isa = PBXGroup;
			children = (
				36BC14336790408DBE197441 /* ZERO_CHECK */,
				E8F1F01D70C246DD9111936D /* ALL_BUILD */,
				EB5AD188267B42BB9D0601A1 /* l1t-macros */,
			);
			name = Sources;
			sourceTree = "<group>";
		};
		1570A5EC4E544AA9A32AD0F9 /* CMake Rules */ = {
			isa = PBXGroup;
			children = (
			);
			name = "CMake Rules";
			sourceTree = "<group>";
		};
		36BC14336790408DBE197441 /* ZERO_CHECK */ = {
			isa = PBXGroup;
			children = (
				1570A5EC4E544AA9A32AD0F9 /* CMake Rules */,
				D56FE5BA943F48AB9DD48626 /* /Users/alex/Documents/l1t-macros/CMakeLists.txt */,
			);
			name = ZERO_CHECK;
			sourceTree = "<group>";
		};
		3A4418CC209E4EEBA3231075 /* Source Files */ = {
			isa = PBXGroup;
			children = (
				4F4E69A1D7EB4E3FB6D34E53 /* /Users/alex/Documents/l1t-macros/generatePUWeights.cxx */,
				877DFBA73AFC491DAE8B0A23 /* /Users/alex/Documents/l1t-macros/makeJetResolutions.cxx */,
				81F196D604964FB0954BCEE9 /* /Users/alex/Documents/l1t-macros/makeJetTurnons.cxx */,
				ACD1CB96053149B5B2E0E338 /* /Users/alex/Documents/l1t-macros/makeJetXvsY.cxx */,
				C1FAA1442FB44F11A4AD7A34 /* /Users/alex/Documents/l1t-macros/makeRateEfficiency.cxx */,
				4F17F1FA0B154EE1B79016DC /* /Users/alex/Documents/l1t-macros/makeRates.cxx */,
				082AA5E086784F10909A2A71 /* /Users/alex/Documents/l1t-macros/makeRates_old.cxx */,
				C890D78EAF924B81BDA0881C /* /Users/alex/Documents/l1t-macros/makeResolutions.cxx */,
				C31CD1BA0C0642E1B2C229AE /* /Users/alex/Documents/l1t-macros/makeTurnons.cxx */,
				725E265C2F6D4239AF1CFBD8 /* /Users/alex/Documents/l1t-macros/makeXvsY.cxx */,
			);
			name = "Source Files";
			sourceTree = "<group>";
		};
		52FAE4414A3F44898D9B2171 = {
			isa = PBXGroup;
			children = (
				023C9FE8C897452CA1806659 /* Sources */,
				FE9CB3F795D44C7B9B2D45FE /* Resources */,
				B7A5E6061DA640FBB5ADEC0F /* Products */,
			);
			sourceTree = "<group>";
		};
		B7A5E6061DA640FBB5ADEC0F /* Products */ = {
			isa = PBXGroup;
			children = (
				B94C3A4F852345A9A5D284A5 /* l1t-macros */,
			);
			name = Products;
			sourceTree = "<group>";
		};
		E8F1F01D70C246DD9111936D /* ALL_BUILD */ = {
			isa = PBXGroup;
			children = (
				E966FF746D924FD9BB4721FC /* CMake Rules */,
				521EAFDBDBEC4D9788C73B48 /* /Users/alex/Documents/l1t-macros/CMakeLists.txt */,
			);
			name = ALL_BUILD;
			sourceTree = "<group>";
		};
		E966FF746D924FD9BB4721FC /* CMake Rules */ = {
			isa = PBXGroup;
			children = (
			);
			name = "CMake Rules";
			sourceTree = "<group>";
		};
		EB5AD188267B42BB9D0601A1 /* l1t-macros */ = {
			isa = PBXGroup;
			children = (
				3A4418CC209E4EEBA3231075 /* Source Files */,
				F8325EF696CA4B5BA98703EC /* Header Files */,
				B2B556F14DA943E5AE5DA475 /* /Users/alex/Documents/l1t-macros/CMakeLists.txt */,
			);
			name = "l1t-macros";
			sourceTree = "<group>";
		};
		F8325EF696CA4B5BA98703EC /* Header Files */ = {
			isa = PBXGroup;
			children = (
				453A805829E743F797BF4553 /* /Users/alex/Documents/l1t-macros/Event/TL1DataClass.h */,
				11EAF915474D4757B84C686A /* /Users/alex/Documents/l1t-macros/Event/TL1EventClass.h */,
				82DBC6B67B11472FA6F4A465 /* /Users/alex/Documents/l1t-macros/Event/TL1PrimitiveEventClass.h */,
				CB572065F1064493B4A6127A /* /Users/alex/Documents/l1t-macros/Plotting/TL1PUWeights.h */,
				0A6D5A5D480D4935AC9D5B89 /* /Users/alex/Documents/l1t-macros/Plotting/TL1Plots.h */,
				4FAAA9F549704AC8978CF05C /* /Users/alex/Documents/l1t-macros/Plotting/TL1RateEfficiency.h */,
				160AF72D855B4890A876B299 /* /Users/alex/Documents/l1t-macros/Plotting/TL1Rates.h */,
				7B7AB0DBF7484C839ED98EAC /* /Users/alex/Documents/l1t-macros/Plotting/TL1Resolution.h */,
				4D24696D150948B9B96ECB36 /* /Users/alex/Documents/l1t-macros/Plotting/TL1Turnon.h */,
				E94FAC78A70B4D09B496C533 /* /Users/alex/Documents/l1t-macros/Plotting/TL1XvsY.h */,
			);
			name = "Header Files";
			sourceTree = "<group>";
		};
		FE9CB3F795D44C7B9B2D45FE /* Resources */ = {
			isa = PBXGroup;
			children = (
			);
			name = Resources;
			sourceTree = "<group>";
		};
/* End PBXGroup section */

/* Begin PBXNativeTarget section */
		BD2AD6E8D213425E935CACFD /* l1t-macros */ = {
			isa = PBXNativeTarget;
			buildConfigurationList = 4688054F48DA4EA3A0EF1257 /* Build configuration list for PBXNativeTarget "l1t-macros" */;
			buildPhases = (
				65F77D4F761840848FF587C3 /* Sources */,
			);
			buildRules = (
			);
			dependencies = (
				AE63B04D66AD40B4B6E1CF73 /* PBXTargetDependency */,
			);
			name = "l1t-macros";
			productName = "l1t-macros";
			productReference = B94C3A4F852345A9A5D284A5 /* l1t-macros */;
			productType = "com.apple.product-type.tool";
		};
/* End PBXNativeTarget section */

/* Begin PBXProject section */
		EC9A9A14678848C691F6C6DC /* Project object */ = {
			isa = PBXProject;
			attributes = {
				BuildIndependentTargetsInParallel = YES;
			};
			buildConfigurationList = 690E797A03D94FE98E8669FC /* Build configuration list for PBXProject "l1t-macros" */;
			buildSettings = {
			};
			buildStyles = (
				7AF24E3E36404E3CB185E8E7 /* Debug */,
				A47120E7FC184AD384B0AB2C /* Release */,
				22ED5EA912DD47688C654EFC /* MinSizeRel */,
				360FE9F675B34C97B71968F5 /* RelWithDebInfo */,
			);
			compatibilityVersion = "Xcode 3.2";
			hasScannedForEncodings = 0;
			mainGroup = 52FAE4414A3F44898D9B2171;
			projectDirPath = .;
			projectRoot = "";
			targets = (
				AEB8804D4213490EBA99E7B3 /* ALL_BUILD */,
				F341A2B3C241486082A243D2 /* ZERO_CHECK */,
				BD2AD6E8D213425E935CACFD /* l1t-macros */,
			);
		};
/* End PBXProject section */

/* Begin PBXShellScriptBuildPhase section */
		299410A08D4D4AB0957A4353 /* CMake Rules */ = {
			isa = PBXShellScriptBuildPhase;
			buildActionMask = 2147483647;
			files = (
			);
			name = "CMake Rules";
			runOnlyForDeploymentPostprocessing = 0;
			shellPath = /bin/sh;
			shellScript = "make -C /Users/alex/Documents/l1t-macros -f /Users/alex/Documents/l1t-macros/CMakeScripts/ALL_BUILD_cmakeRulesBuildPhase.make$CONFIGURATION all";
			showEnvVarsInLog = 0;
		};
		5DCA52EA634547F2B04BD306 = {
			isa = PBXShellScriptBuildPhase;
			buildActionMask = 2147483647;
			files = (
			);
			inputPaths = (
			);
			outputPaths = (
			);
			runOnlyForDeploymentPostprocessing = 0;
			shellPath = /bin/sh;
			shellScript = "# shell script goes here
exit 0";
			showEnvVarsInLog = 0;
		};
		86BB0E4E62484487A568025C = {
			isa = PBXShellScriptBuildPhase;
			buildActionMask = 2147483647;
			files = (
			);
			inputPaths = (
			);
			outputPaths = (
			);
			runOnlyForDeploymentPostprocessing = 0;
			shellPath = /bin/sh;
			shellScript = "# shell script goes here
exit 0";
			showEnvVarsInLog = 0;
		};
		8EF1F81D29F04D49B90C368E /* CMake Rules */ = {
			isa = PBXShellScriptBuildPhase;
			buildActionMask = 2147483647;
			files = (
			);
			name = "CMake Rules";
			runOnlyForDeploymentPostprocessing = 0;
			shellPath = /bin/sh;
			shellScript = "make -C /Users/alex/Documents/l1t-macros -f /Users/alex/Documents/l1t-macros/CMakeScripts/ZERO_CHECK_cmakeRulesBuildPhase.make$CONFIGURATION all";
			showEnvVarsInLog = 0;
		};
/* End PBXShellScriptBuildPhase section */

/* Begin PBXSourcesBuildPhase section */
		65F77D4F761840848FF587C3 /* Sources */ = {
			isa = PBXSourcesBuildPhase;
			buildActionMask = 2147483647;
			files = (
				2420E7D457044133B68E10C7 /* /Users/alex/Documents/l1t-macros/generatePUWeights.cxx */,
				A9839A3ECC584FB9B2BF5D5C /* /Users/alex/Documents/l1t-macros/makeJetResolutions.cxx */,
				D127D87DC2FA4EB9B1D604C5 /* /Users/alex/Documents/l1t-macros/makeJetTurnons.cxx */,
				5105E1774AA9429E9F6C8A00 /* /Users/alex/Documents/l1t-macros/makeJetXvsY.cxx */,
				5E01B6148D954B55B5D0BC35 /* /Users/alex/Documents/l1t-macros/makeRateEfficiency.cxx */,
				E3F2A703CC4D43E78443D792 /* /Users/alex/Documents/l1t-macros/makeRates.cxx */,
				43131F6B491540DD9FB33C89 /* /Users/alex/Documents/l1t-macros/makeRates_old.cxx */,
				6D29F2EE7F104CC8BBACB7D4 /* /Users/alex/Documents/l1t-macros/makeResolutions.cxx */,
				865668780E96442F89A8025C /* /Users/alex/Documents/l1t-macros/makeTurnons.cxx */,
				85FB396A7A6B48B9B6A286DD /* /Users/alex/Documents/l1t-macros/makeXvsY.cxx */,
			);
			runOnlyForDeploymentPostprocessing = 0;
		};
/* End PBXSourcesBuildPhase section */

/* Begin PBXTargetDependency section */
		34951106B0E1448481A8B74D /* PBXTargetDependency */ = {
			isa = PBXTargetDependency;
			target = F341A2B3C241486082A243D2 /* ZERO_CHECK */;
			targetProxy = 6C96601E7190480DABF139D0 /* PBXContainerItemProxy */;
		};
		AE63B04D66AD40B4B6E1CF73 /* PBXTargetDependency */ = {
			isa = PBXTargetDependency;
			target = F341A2B3C241486082A243D2 /* ZERO_CHECK */;
			targetProxy = 044FEE9773F142E6821BBF8A /* PBXContainerItemProxy */;
		};
		FEB7C8563B6D42EAB4744D55 /* PBXTargetDependency */ = {
			isa = PBXTargetDependency;
			target = BD2AD6E8D213425E935CACFD /* l1t-macros */;
			targetProxy = 06B19A7A27084566B979A355 /* PBXContainerItemProxy */;
		};
/* End PBXTargetDependency section */

/* Begin XCBuildConfiguration section */
		054753B6F0EC4FFF8BC35E17 /* Debug */ = {
			isa = XCBuildConfiguration;
			buildSettings = {
				COMBINE_HIDPI_IMAGES = YES;
				EXECUTABLE_PREFIX = "";
				EXECUTABLE_SUFFIX = "";
				GCC_GENERATE_DEBUGGING_SYMBOLS = YES;
				GCC_INLINES_ARE_PRIVATE_EXTERN = NO;
				GCC_OPTIMIZATION_LEVEL = 0;
				GCC_PREPROCESSOR_DEFINITIONS = ("'CMAKE_INTDIR=\"$(CONFIGURATION)$(EFFECTIVE_PLATFORM_NAME)\"'", G4ANALYSIS_USE_ROOT, );
				GCC_SYMBOLS_PRIVATE_EXTERN = NO;
				HEADER_SEARCH_PATHS = ("/Users/alex/Documents/l1t-macros/Event", "/Users/alex/Documents/l1t-macros/Plotting", "/Users/alex/Documents/l1t-macros/Tests", "/Users/alex/Documents/l1t-macros/Utilities", );
				INSTALL_PATH = "";
				LIBRARY_SEARCH_PATHS = "";
				OTHER_CPLUSPLUSFLAGS = "   '-std=gnu++11'  ";
				OTHER_LDFLAGS = " -Wl,-search_paths_first -Wl,-headerpad_max_install_names  ";
				OTHER_REZFLAGS = "";
				PRODUCT_NAME = "l1t-macros";
				SECTORDER_FLAGS = "";
				SYMROOT = "/Users/alex/Documents/l1t-macros";
				USE_HEADERMAP = NO;
				WARNING_CFLAGS = ("-Wmost", "-Wno-four-char-constants", "-Wno-unknown-pragmas", "$(inherited)", );
			};
			name = Debug;
		};
		0C3635E09C1A400CA4F99DFF /* MinSizeRel */ = {
			isa = XCBuildConfiguration;
			buildSettings = {
				ONLY_ACTIVE_ARCH = YES;
				SDKROOT = /Applications/Xcode.app/Contents/Developer/Platforms/MacOSX.platform/Developer/SDKs/MacOSX10.12.sdk;
				SYMROOT = "/Users/alex/Documents/l1t-macros/build";
			};
			name = MinSizeRel;
		};
		213EABDF3ADF486AA8EF77DA /* Release */ = {
			isa = XCBuildConfiguration;
			buildSettings = {
				ONLY_ACTIVE_ARCH = YES;
				SDKROOT = /Applications/Xcode.app/Contents/Developer/Platforms/MacOSX.platform/Developer/SDKs/MacOSX10.12.sdk;
				SYMROOT = "/Users/alex/Documents/l1t-macros/build";
			};
			name = Release;
		};
		28ABF128822C46BDA7A87EB3 /* MinSizeRel */ = {
			isa = XCBuildConfiguration;
			buildSettings = {
				COMBINE_HIDPI_IMAGES = YES;
				EXECUTABLE_PREFIX = "";
				EXECUTABLE_SUFFIX = "";
				GCC_GENERATE_DEBUGGING_SYMBOLS = NO;
				GCC_INLINES_ARE_PRIVATE_EXTERN = NO;
				GCC_OPTIMIZATION_LEVEL = s;
				GCC_PREPROCESSOR_DEFINITIONS = ("'CMAKE_INTDIR=\"$(CONFIGURATION)$(EFFECTIVE_PLATFORM_NAME)\"'", G4ANALYSIS_USE_ROOT, );
				GCC_SYMBOLS_PRIVATE_EXTERN = NO;
				HEADER_SEARCH_PATHS = ("/Users/alex/Documents/l1t-macros/Event", "/Users/alex/Documents/l1t-macros/Plotting", "/Users/alex/Documents/l1t-macros/Tests", "/Users/alex/Documents/l1t-macros/Utilities", );
				INSTALL_PATH = "";
				LIBRARY_SEARCH_PATHS = "";
				OTHER_CPLUSPLUSFLAGS = "    -DNDEBUG '-std=gnu++11'  ";
				OTHER_LDFLAGS = " -Wl,-search_paths_first -Wl,-headerpad_max_install_names  ";
				OTHER_REZFLAGS = "";
				PRODUCT_NAME = "l1t-macros";
				SECTORDER_FLAGS = "";
				SYMROOT = "/Users/alex/Documents/l1t-macros";
				USE_HEADERMAP = NO;
				WARNING_CFLAGS = ("-Wmost", "-Wno-four-char-constants", "-Wno-unknown-pragmas", "$(inherited)", );
			};
			name = MinSizeRel;
		};
		2D36A8EA27E14F3A82A3956D /* Debug */ = {
			isa = XCBuildConfiguration;
			buildSettings = {
				COMBINE_HIDPI_IMAGES = YES;
				GCC_GENERATE_DEBUGGING_SYMBOLS = YES;
				GCC_INLINES_ARE_PRIVATE_EXTERN = NO;
				GCC_OPTIMIZATION_LEVEL = 0;
				GCC_PREPROCESSOR_DEFINITIONS = ("'CMAKE_INTDIR=\"$(CONFIGURATION)$(EFFECTIVE_PLATFORM_NAME)\"'", );
				GCC_SYMBOLS_PRIVATE_EXTERN = NO;
				HEADER_SEARCH_PATHS = ("/Users/alex/Documents/l1t-macros/Event", "/Users/alex/Documents/l1t-macros/Plotting", "/Users/alex/Documents/l1t-macros/Tests", "/Users/alex/Documents/l1t-macros/Utilities", );
				INSTALL_PATH = "";
				OTHER_LDFLAGS = " ";
				OTHER_REZFLAGS = "";
				PRODUCT_NAME = ALL_BUILD;
				SECTORDER_FLAGS = "";
				SYMROOT = "/Users/alex/Documents/l1t-macros";
				USE_HEADERMAP = NO;
				WARNING_CFLAGS = ("-Wmost", "-Wno-four-char-constants", "-Wno-unknown-pragmas", "$(inherited)", );
			};
			name = Debug;
		};
		33DC6F547C5D4506A7D1C168 /* RelWithDebInfo */ = {
			isa = XCBuildConfiguration;
			buildSettings = {
				ONLY_ACTIVE_ARCH = YES;
				SDKROOT = /Applications/Xcode.app/Contents/Developer/Platforms/MacOSX.platform/Developer/SDKs/MacOSX10.12.sdk;
				SYMROOT = "/Users/alex/Documents/l1t-macros/build";
			};
			name = RelWithDebInfo;
		};
		3A4E4DCB54774C25890829DC /* MinSizeRel */ = {
			isa = XCBuildConfiguration;
			buildSettings = {
				COMBINE_HIDPI_IMAGES = YES;
				GCC_GENERATE_DEBUGGING_SYMBOLS = YES;
				GCC_INLINES_ARE_PRIVATE_EXTERN = NO;
				GCC_OPTIMIZATION_LEVEL = 0;
				GCC_PREPROCESSOR_DEFINITIONS = ("'CMAKE_INTDIR=\"$(CONFIGURATION)$(EFFECTIVE_PLATFORM_NAME)\"'", );
				GCC_SYMBOLS_PRIVATE_EXTERN = NO;
				HEADER_SEARCH_PATHS = ("/Users/alex/Documents/l1t-macros/Event", "/Users/alex/Documents/l1t-macros/Plotting", "/Users/alex/Documents/l1t-macros/Tests", "/Users/alex/Documents/l1t-macros/Utilities", );
				INSTALL_PATH = "";
				OTHER_LDFLAGS = " ";
				OTHER_REZFLAGS = "";
				PRODUCT_NAME = ZERO_CHECK;
				SECTORDER_FLAGS = "";
				SYMROOT = "/Users/alex/Documents/l1t-macros";
				USE_HEADERMAP = NO;
				WARNING_CFLAGS = ("-Wmost", "-Wno-four-char-constants", "-Wno-unknown-pragmas", "$(inherited)", );
			};
			name = MinSizeRel;
		};
		413DDFC773934DAFB5AB7422 /* RelWithDebInfo */ = {
			isa = XCBuildConfiguration;
			buildSettings = {
				COMBINE_HIDPI_IMAGES = YES;
				EXECUTABLE_PREFIX = "";
				EXECUTABLE_SUFFIX = "";
				GCC_GENERATE_DEBUGGING_SYMBOLS = YES;
				GCC_INLINES_ARE_PRIVATE_EXTERN = NO;
				GCC_OPTIMIZATION_LEVEL = 2;
				GCC_PREPROCESSOR_DEFINITIONS = ("'CMAKE_INTDIR=\"$(CONFIGURATION)$(EFFECTIVE_PLATFORM_NAME)\"'", G4ANALYSIS_USE_ROOT, );
				GCC_SYMBOLS_PRIVATE_EXTERN = NO;
				HEADER_SEARCH_PATHS = ("/Users/alex/Documents/l1t-macros/Event", "/Users/alex/Documents/l1t-macros/Plotting", "/Users/alex/Documents/l1t-macros/Tests", "/Users/alex/Documents/l1t-macros/Utilities", );
				INSTALL_PATH = "";
				LIBRARY_SEARCH_PATHS = "";
				OTHER_CPLUSPLUSFLAGS = "       -DNDEBUG '-std=gnu++11'  ";
				OTHER_LDFLAGS = " -Wl,-search_paths_first -Wl,-headerpad_max_install_names  ";
				OTHER_REZFLAGS = "";
				PRODUCT_NAME = "l1t-macros";
				SECTORDER_FLAGS = "";
				SYMROOT = "/Users/alex/Documents/l1t-macros";
				USE_HEADERMAP = NO;
				WARNING_CFLAGS = ("-Wmost", "-Wno-four-char-constants", "-Wno-unknown-pragmas", "$(inherited)", );
			};
			name = RelWithDebInfo;
		};
		432AE807D19A41DAB215C8FB /* Release */ = {
			isa = XCBuildConfiguration;
			buildSettings = {
				COMBINE_HIDPI_IMAGES = YES;
				GCC_GENERATE_DEBUGGING_SYMBOLS = YES;
				GCC_INLINES_ARE_PRIVATE_EXTERN = NO;
				GCC_OPTIMIZATION_LEVEL = 0;
				GCC_PREPROCESSOR_DEFINITIONS = ("'CMAKE_INTDIR=\"$(CONFIGURATION)$(EFFECTIVE_PLATFORM_NAME)\"'", );
				GCC_SYMBOLS_PRIVATE_EXTERN = NO;
				HEADER_SEARCH_PATHS = ("/Users/alex/Documents/l1t-macros/Event", "/Users/alex/Documents/l1t-macros/Plotting", "/Users/alex/Documents/l1t-macros/Tests", "/Users/alex/Documents/l1t-macros/Utilities", );
				INSTALL_PATH = "";
				OTHER_LDFLAGS = " ";
				OTHER_REZFLAGS = "";
				PRODUCT_NAME = ZERO_CHECK;
				SECTORDER_FLAGS = "";
				SYMROOT = "/Users/alex/Documents/l1t-macros";
				USE_HEADERMAP = NO;
				WARNING_CFLAGS = ("-Wmost", "-Wno-four-char-constants", "-Wno-unknown-pragmas", "$(inherited)", );
			};
			name = Release;
		};
		A4509720F45F4FB7A8600563 /* RelWithDebInfo */ = {
			isa = XCBuildConfiguration;
			buildSettings = {
				COMBINE_HIDPI_IMAGES = YES;
				GCC_GENERATE_DEBUGGING_SYMBOLS = YES;
				GCC_INLINES_ARE_PRIVATE_EXTERN = NO;
				GCC_OPTIMIZATION_LEVEL = 0;
				GCC_PREPROCESSOR_DEFINITIONS = ("'CMAKE_INTDIR=\"$(CONFIGURATION)$(EFFECTIVE_PLATFORM_NAME)\"'", );
				GCC_SYMBOLS_PRIVATE_EXTERN = NO;
				HEADER_SEARCH_PATHS = ("/Users/alex/Documents/l1t-macros/Event", "/Users/alex/Documents/l1t-macros/Plotting", "/Users/alex/Documents/l1t-macros/Tests", "/Users/alex/Documents/l1t-macros/Utilities", );
				INSTALL_PATH = "";
				OTHER_LDFLAGS = " ";
				OTHER_REZFLAGS = "";
				PRODUCT_NAME = ALL_BUILD;
				SECTORDER_FLAGS = "";
				SYMROOT = "/Users/alex/Documents/l1t-macros";
				USE_HEADERMAP = NO;
				WARNING_CFLAGS = ("-Wmost", "-Wno-four-char-constants", "-Wno-unknown-pragmas", "$(inherited)", );
			};
			name = RelWithDebInfo;
		};
		A82293BB43804434BB012280 /* Release */ = {
			isa = XCBuildConfiguration;
			buildSettings = {
				COMBINE_HIDPI_IMAGES = YES;
				EXECUTABLE_PREFIX = "";
				EXECUTABLE_SUFFIX = "";
				GCC_GENERATE_DEBUGGING_SYMBOLS = NO;
				GCC_INLINES_ARE_PRIVATE_EXTERN = NO;
				GCC_OPTIMIZATION_LEVEL = 3;
				GCC_PREPROCESSOR_DEFINITIONS = ("'CMAKE_INTDIR=\"$(CONFIGURATION)$(EFFECTIVE_PLATFORM_NAME)\"'", G4ANALYSIS_USE_ROOT, );
				GCC_SYMBOLS_PRIVATE_EXTERN = NO;
				HEADER_SEARCH_PATHS = ("/Users/alex/Documents/l1t-macros/Event", "/Users/alex/Documents/l1t-macros/Plotting", "/Users/alex/Documents/l1t-macros/Tests", "/Users/alex/Documents/l1t-macros/Utilities", );
				INSTALL_PATH = "";
				LIBRARY_SEARCH_PATHS = "";
				OTHER_CPLUSPLUSFLAGS = "    -DNDEBUG '-std=gnu++11'  ";
				OTHER_LDFLAGS = " -Wl,-search_paths_first -Wl,-headerpad_max_install_names  ";
				OTHER_REZFLAGS = "";
				PRODUCT_NAME = "l1t-macros";
				SECTORDER_FLAGS = "";
				SYMROOT = "/Users/alex/Documents/l1t-macros";
				USE_HEADERMAP = NO;
				WARNING_CFLAGS = ("-Wmost", "-Wno-four-char-constants", "-Wno-unknown-pragmas", "$(inherited)", );
			};
			name = Release;
		};
		A9B4BAAB389241C59FC1E8A3 /* Debug */ = {
			isa = XCBuildConfiguration;
			buildSettings = {
				ONLY_ACTIVE_ARCH = YES;
				SDKROOT = /Applications/Xcode.app/Contents/Developer/Platforms/MacOSX.platform/Developer/SDKs/MacOSX10.12.sdk;
				SYMROOT = "/Users/alex/Documents/l1t-macros/build";
			};
			name = Debug;
		};
		B120F272AE7348A097E450BB /* MinSizeRel */ = {
			isa = XCBuildConfiguration;
			buildSettings = {
				COMBINE_HIDPI_IMAGES = YES;
				GCC_GENERATE_DEBUGGING_SYMBOLS = YES;
				GCC_INLINES_ARE_PRIVATE_EXTERN = NO;
				GCC_OPTIMIZATION_LEVEL = 0;
				GCC_PREPROCESSOR_DEFINITIONS = ("'CMAKE_INTDIR=\"$(CONFIGURATION)$(EFFECTIVE_PLATFORM_NAME)\"'", );
				GCC_SYMBOLS_PRIVATE_EXTERN = NO;
				HEADER_SEARCH_PATHS = ("/Users/alex/Documents/l1t-macros/Event", "/Users/alex/Documents/l1t-macros/Plotting", "/Users/alex/Documents/l1t-macros/Tests", "/Users/alex/Documents/l1t-macros/Utilities", );
				INSTALL_PATH = "";
				OTHER_LDFLAGS = " ";
				OTHER_REZFLAGS = "";
				PRODUCT_NAME = ALL_BUILD;
				SECTORDER_FLAGS = "";
				SYMROOT = "/Users/alex/Documents/l1t-macros";
				USE_HEADERMAP = NO;
				WARNING_CFLAGS = ("-Wmost", "-Wno-four-char-constants", "-Wno-unknown-pragmas", "$(inherited)", );
			};
			name = MinSizeRel;
		};
		C94624BD7489403E9BD660E9 /* Debug */ = {
			isa = XCBuildConfiguration;
			buildSettings = {
				COMBINE_HIDPI_IMAGES = YES;
				GCC_GENERATE_DEBUGGING_SYMBOLS = YES;
				GCC_INLINES_ARE_PRIVATE_EXTERN = NO;
				GCC_OPTIMIZATION_LEVEL = 0;
				GCC_PREPROCESSOR_DEFINITIONS = ("'CMAKE_INTDIR=\"$(CONFIGURATION)$(EFFECTIVE_PLATFORM_NAME)\"'", );
				GCC_SYMBOLS_PRIVATE_EXTERN = NO;
				HEADER_SEARCH_PATHS = ("/Users/alex/Documents/l1t-macros/Event", "/Users/alex/Documents/l1t-macros/Plotting", "/Users/alex/Documents/l1t-macros/Tests", "/Users/alex/Documents/l1t-macros/Utilities", );
				INSTALL_PATH = "";
				OTHER_LDFLAGS = " ";
				OTHER_REZFLAGS = "";
				PRODUCT_NAME = ZERO_CHECK;
				SECTORDER_FLAGS = "";
				SYMROOT = "/Users/alex/Documents/l1t-macros";
				USE_HEADERMAP = NO;
				WARNING_CFLAGS = ("-Wmost", "-Wno-four-char-constants", "-Wno-unknown-pragmas", "$(inherited)", );
			};
			name = Debug;
		};
		CAFB96E7518A4D67934625FE /* RelWithDebInfo */ = {
			isa = XCBuildConfiguration;
			buildSettings = {
				COMBINE_HIDPI_IMAGES = YES;
				GCC_GENERATE_DEBUGGING_SYMBOLS = YES;
				GCC_INLINES_ARE_PRIVATE_EXTERN = NO;
				GCC_OPTIMIZATION_LEVEL = 0;
				GCC_PREPROCESSOR_DEFINITIONS = ("'CMAKE_INTDIR=\"$(CONFIGURATION)$(EFFECTIVE_PLATFORM_NAME)\"'", );
				GCC_SYMBOLS_PRIVATE_EXTERN = NO;
				HEADER_SEARCH_PATHS = ("/Users/alex/Documents/l1t-macros/Event", "/Users/alex/Documents/l1t-macros/Plotting", "/Users/alex/Documents/l1t-macros/Tests", "/Users/alex/Documents/l1t-macros/Utilities", );
				INSTALL_PATH = "";
				OTHER_LDFLAGS = " ";
				OTHER_REZFLAGS = "";
				PRODUCT_NAME = ZERO_CHECK;
				SECTORDER_FLAGS = "";
				SYMROOT = "/Users/alex/Documents/l1t-macros";
				USE_HEADERMAP = NO;
				WARNING_CFLAGS = ("-Wmost", "-Wno-four-char-constants", "-Wno-unknown-pragmas", "$(inherited)", );
			};
			name = RelWithDebInfo;
		};
		E6789CB0B97A49F786418896 /* Release */ = {
			isa = XCBuildConfiguration;
			buildSettings = {
				COMBINE_HIDPI_IMAGES = YES;
				GCC_GENERATE_DEBUGGING_SYMBOLS = YES;
				GCC_INLINES_ARE_PRIVATE_EXTERN = NO;
				GCC_OPTIMIZATION_LEVEL = 0;
				GCC_PREPROCESSOR_DEFINITIONS = ("'CMAKE_INTDIR=\"$(CONFIGURATION)$(EFFECTIVE_PLATFORM_NAME)\"'", );
				GCC_SYMBOLS_PRIVATE_EXTERN = NO;
				HEADER_SEARCH_PATHS = ("/Users/alex/Documents/l1t-macros/Event", "/Users/alex/Documents/l1t-macros/Plotting", "/Users/alex/Documents/l1t-macros/Tests", "/Users/alex/Documents/l1t-macros/Utilities", );
				INSTALL_PATH = "";
				OTHER_LDFLAGS = " ";
				OTHER_REZFLAGS = "";
				PRODUCT_NAME = ALL_BUILD;
				SECTORDER_FLAGS = "";
				SYMROOT = "/Users/alex/Documents/l1t-macros";
				USE_HEADERMAP = NO;
				WARNING_CFLAGS = ("-Wmost", "-Wno-four-char-constants", "-Wno-unknown-pragmas", "$(inherited)", );
			};
			name = Release;
		};
/* End XCBuildConfiguration section */

/* Begin XCConfigurationList section */
		4688054F48DA4EA3A0EF1257 /* Build configuration list for PBXNativeTarget "l1t-macros" */ = {
			isa = XCConfigurationList;
			buildConfigurations = (
				054753B6F0EC4FFF8BC35E17 /* Debug */,
				A82293BB43804434BB012280 /* Release */,
				28ABF128822C46BDA7A87EB3 /* MinSizeRel */,
				413DDFC773934DAFB5AB7422 /* RelWithDebInfo */,
			);
			defaultConfigurationIsVisible = 0;
			defaultConfigurationName = Debug;
		};
		690E797A03D94FE98E8669FC /* Build configuration list for PBXProject "l1t-macros" */ = {
			isa = XCConfigurationList;
			buildConfigurations = (
				A9B4BAAB389241C59FC1E8A3 /* Debug */,
				213EABDF3ADF486AA8EF77DA /* Release */,
				0C3635E09C1A400CA4F99DFF /* MinSizeRel */,
				33DC6F547C5D4506A7D1C168 /* RelWithDebInfo */,
			);
			defaultConfigurationIsVisible = 0;
			defaultConfigurationName = Debug;
		};
		A448497EF76F4D939D783F23 /* Build configuration list for PBXAggregateTarget "ALL_BUILD" */ = {
			isa = XCConfigurationList;
			buildConfigurations = (
				2D36A8EA27E14F3A82A3956D /* Debug */,
				E6789CB0B97A49F786418896 /* Release */,
				B120F272AE7348A097E450BB /* MinSizeRel */,
				A4509720F45F4FB7A8600563 /* RelWithDebInfo */,
			);
			defaultConfigurationIsVisible = 0;
			defaultConfigurationName = Debug;
		};
		C7BE46470B5840F8A7A2DB84 /* Build configuration list for PBXAggregateTarget "ZERO_CHECK" */ = {
			isa = XCConfigurationList;
			buildConfigurations = (
				C94624BD7489403E9BD660E9 /* Debug */,
				432AE807D19A41DAB215C8FB /* Release */,
				3A4E4DCB54774C25890829DC /* MinSizeRel */,
				CAFB96E7518A4D67934625FE /* RelWithDebInfo */,
			);
			defaultConfigurationIsVisible = 0;
			defaultConfigurationName = Debug;
		};
/* End XCConfigurationList section */
	};
	rootObject = EC9A9A14678848C691F6C6DC /* Project object */;
}
