// !$*UTF8*$!
{
	archiveVersion = 1;
	classes = {
	};
	objectVersion = 46;
	objects = {

/* Begin PBXAggregateTarget section */
		34A204787B884DDD90A43966 /* ALL_BUILD */ = {
			isa = PBXAggregateTarget;
			buildConfigurationList = 1F10C6F282434B6BBDBA029F /* Build configuration list for PBXAggregateTarget "ALL_BUILD" */;
			buildPhases = (
				4D217E2EA1CE41439B866D90 /* CMake Rules */,
			);
			dependencies = (
				4361CB72AF4841E0A2868164 /* PBXTargetDependency */,
				EB5A50279F0E47429C81A79A /* PBXTargetDependency */,
			);
			name = ALL_BUILD;
			productName = ALL_BUILD;
		};
		89BC45D458704DFF90BEAF05 /* ZERO_CHECK */ = {
			isa = PBXAggregateTarget;
			buildConfigurationList = B299B5B20DB74854B92E1512 /* Build configuration list for PBXAggregateTarget "ZERO_CHECK" */;
			buildPhases = (
				369755D233A04E89922A62ED /* CMake Rules */,
			);
			dependencies = (
			);
			name = ZERO_CHECK;
			productName = ZERO_CHECK;
		};
/* End PBXAggregateTarget section */

/* Begin PBXBuildFile section */
		02574E6467F448DF882496DD /* /Users/alex/Documents/l1t-macros/Plotting/TL1XvsY.h */ = {isa = PBXBuildFile; fileRef = 05E4BE4B411043E5B93ADD22 /* /Users/alex/Documents/l1t-macros/Plotting/TL1XvsY.h */; settings = {COMPILER_FLAGS = ""; }; };
		0316BB6B6F8B4596A9FA4E31 /* /Users/alex/Documents/l1t-macros/Tests/testTL1DrawTurnon.C */ = {isa = PBXBuildFile; fileRef = 7B1D571335D24F2C90637703 /* /Users/alex/Documents/l1t-macros/Tests/testTL1DrawTurnon.C */; settings = {COMPILER_FLAGS = ""; }; };
		122E4E396E154DA59A62CE70 /* /Users/alex/Documents/l1t-macros/Utilities/TL1DateTime.C */ = {isa = PBXBuildFile; fileRef = 3DAC824A0FDE43AB8F741473 /* /Users/alex/Documents/l1t-macros/Utilities/TL1DateTime.C */; settings = {COMPILER_FLAGS = ""; }; };
		13EC093418344BE8858C05AD /* /Users/alex/Documents/l1t-macros/makeRates.cxx */ = {isa = PBXBuildFile; fileRef = 0B5E338FDF9946AA9AAC8E77 /* /Users/alex/Documents/l1t-macros/makeRates.cxx */; settings = {COMPILER_FLAGS = ""; }; };
		24FA21994BCF40C3968E5AA7 /* /Users/alex/Documents/l1t-macros/makeJetResolutions.cxx */ = {isa = PBXBuildFile; fileRef = 3D2540D4B6D048A89AF3F779 /* /Users/alex/Documents/l1t-macros/makeJetResolutions.cxx */; settings = {COMPILER_FLAGS = ""; }; };
		2BE9DD91D2584EA889AA38E8 /* /Users/alex/Documents/l1t-macros/Event/TL1DataClass.h */ = {isa = PBXBuildFile; fileRef = ED2A755C7D194C1B80B91E5A /* /Users/alex/Documents/l1t-macros/Event/TL1DataClass.h */; settings = {COMPILER_FLAGS = ""; }; };
		34AE78C248AC4F059A2232E8 /* /Users/alex/Documents/l1t-macros/CMakeFiles/feature_tests.c */ = {isa = PBXBuildFile; fileRef = E40C9B34C04B4117B579FA1C /* /Users/alex/Documents/l1t-macros/CMakeFiles/feature_tests.c */; settings = {COMPILER_FLAGS = ""; }; };
		53541175D3784C65B5FE3A2F /* /Users/alex/Documents/l1t-macros/Plotting/TL1RateEfficiency.h */ = {isa = PBXBuildFile; fileRef = 2E733CD315A946E489CD59EB /* /Users/alex/Documents/l1t-macros/Plotting/TL1RateEfficiency.h */; settings = {COMPILER_FLAGS = ""; }; };
		5CAEB0AA783442FDAA2BE20F /* /Users/alex/Documents/l1t-macros/Plotting/TL1Plots.h */ = {isa = PBXBuildFile; fileRef = 5B944AF094DF4305BF0501EB /* /Users/alex/Documents/l1t-macros/Plotting/TL1Plots.h */; settings = {COMPILER_FLAGS = ""; }; };
		6101BDA5ABA24FCAA2D0BC67 /* /Users/alex/Documents/l1t-macros/Plotting/TL1Turnon.h */ = {isa = PBXBuildFile; fileRef = 8C4B8524AC4441FBBC8DD66B /* /Users/alex/Documents/l1t-macros/Plotting/TL1Turnon.h */; settings = {COMPILER_FLAGS = ""; }; };
		63D6089190854BFDAA45A4C7 /* /Users/alex/Documents/l1t-macros/makeRateEfficiency.cxx */ = {isa = PBXBuildFile; fileRef = 1F7F0BEB737E4A0BBC985230 /* /Users/alex/Documents/l1t-macros/makeRateEfficiency.cxx */; settings = {COMPILER_FLAGS = ""; }; };
		68B1F5C10AB44993A8681DA7 /* /Users/alex/Documents/l1t-macros/Plotting/TL1Rates.h */ = {isa = PBXBuildFile; fileRef = 9B24F580E1584558A0139918 /* /Users/alex/Documents/l1t-macros/Plotting/TL1Rates.h */; settings = {COMPILER_FLAGS = ""; }; };
		6C4E9B74391C42809B05EF8D /* /Users/alex/Documents/l1t-macros/makeJetXvsY.cxx */ = {isa = PBXBuildFile; fileRef = 7F97757D82FD4145AC4416D3 /* /Users/alex/Documents/l1t-macros/makeJetXvsY.cxx */; settings = {COMPILER_FLAGS = ""; }; };
		70D5B4387A1F445CBA02641A /* /Users/alex/Documents/l1t-macros/Event/TL1EventClass.h */ = {isa = PBXBuildFile; fileRef = CA5A833162484EAA8625F81B /* /Users/alex/Documents/l1t-macros/Event/TL1EventClass.h */; settings = {COMPILER_FLAGS = ""; }; };
		787570985F914E5F98DE3F2F /* /Users/alex/Documents/l1t-macros/Event/TL1PrimitiveEventClass.h */ = {isa = PBXBuildFile; fileRef = AC7ADD22B24448C597DC9B9B /* /Users/alex/Documents/l1t-macros/Event/TL1PrimitiveEventClass.h */; settings = {COMPILER_FLAGS = ""; }; };
		7B372E28F0E44D2B86F1935F /* /Users/alex/Documents/l1t-macros/makeRates_old.cxx */ = {isa = PBXBuildFile; fileRef = 5E4D9541BA1A4E659C8F4B0A /* /Users/alex/Documents/l1t-macros/makeRates_old.cxx */; settings = {COMPILER_FLAGS = ""; }; };
		82E9DA3E54774263BA3DB028 /* /Users/alex/Documents/l1t-macros/Plotting/tdrstyle.C */ = {isa = PBXBuildFile; fileRef = 168D45DB1EE445799115CB89 /* /Users/alex/Documents/l1t-macros/Plotting/tdrstyle.C */; settings = {COMPILER_FLAGS = ""; }; };
		93DA0F40CFAA430D86A45D9F /* /Users/alex/Documents/l1t-macros/generatePUWeights.cxx */ = {isa = PBXBuildFile; fileRef = 8EEA0A312BF54D6BA654C112 /* /Users/alex/Documents/l1t-macros/generatePUWeights.cxx */; settings = {COMPILER_FLAGS = ""; }; };
		9E7BB6C440054F2391CCCC01 /* /Users/alex/Documents/l1t-macros/makeResolutions.cxx */ = {isa = PBXBuildFile; fileRef = 06E4C8D57CA444ECB09148FE /* /Users/alex/Documents/l1t-macros/makeResolutions.cxx */; settings = {COMPILER_FLAGS = ""; }; };
		9F66B946CB2C4181801FCE84 /* /Users/alex/Documents/l1t-macros/Utilities/TL1Progress.C */ = {isa = PBXBuildFile; fileRef = 865AFA18D6D34557B1516403 /* /Users/alex/Documents/l1t-macros/Utilities/TL1Progress.C */; settings = {COMPILER_FLAGS = ""; }; };
		A6380133DAA641E2A6007B5A /* /Users/alex/Documents/l1t-macros/Plotting/TL1PUWeights.h */ = {isa = PBXBuildFile; fileRef = 25589A37ABD34C7C90DBB1F1 /* /Users/alex/Documents/l1t-macros/Plotting/TL1PUWeights.h */; settings = {COMPILER_FLAGS = ""; }; };
		A83FEEC1D86E472ABE130489 /* /Users/alex/Documents/l1t-macros/makeXvsY.cxx */ = {isa = PBXBuildFile; fileRef = 6D7CB72FADE744A59491711C /* /Users/alex/Documents/l1t-macros/makeXvsY.cxx */; settings = {COMPILER_FLAGS = ""; }; };
		A9A613FD8C974450A907864A /* /Users/alex/Documents/l1t-macros/makeJetTurnons.cxx */ = {isa = PBXBuildFile; fileRef = 06AB19F8B84643AFA3FACD99 /* /Users/alex/Documents/l1t-macros/makeJetTurnons.cxx */; settings = {COMPILER_FLAGS = ""; }; };
		AF303FE95E074014A1E1482C /* /Users/alex/Documents/l1t-macros/makeTurnons.cxx */ = {isa = PBXBuildFile; fileRef = 9809AF24AF7F4CC290E5C8DD /* /Users/alex/Documents/l1t-macros/makeTurnons.cxx */; settings = {COMPILER_FLAGS = ""; }; };
		BD758DE1E31B48EEB02F4A86 /* /Users/alex/Documents/l1t-macros/Plotting/TL1Resolution.h */ = {isa = PBXBuildFile; fileRef = BE6A4D787FDB4FE3ACCE926A /* /Users/alex/Documents/l1t-macros/Plotting/TL1Resolution.h */; settings = {COMPILER_FLAGS = ""; }; };
		BE6FABD43D074F2D9B4C036F /* /Users/alex/Documents/l1t-macros/CMakeLists.txt */ = {isa = PBXBuildFile; fileRef = CDA71926839C4259BF40484B /* /Users/alex/Documents/l1t-macros/CMakeLists.txt */; settings = {COMPILER_FLAGS = ""; }; };
/* End PBXBuildFile section */

/* Begin PBXBuildStyle section */
		0F41B34600EB4B4CB5C26C35 /* Debug */ = {
			isa = PBXBuildStyle;
			buildSettings = {
				COPY_PHASE_STRIP = NO;
			};
			name = Debug;
		};
		593E5D2B14A7428CAB7C7FF6 /* MinSizeRel */ = {
			isa = PBXBuildStyle;
			buildSettings = {
				COPY_PHASE_STRIP = NO;
			};
			name = MinSizeRel;
		};
		780DBA3F610F45AFA9A4D955 /* Release */ = {
			isa = PBXBuildStyle;
			buildSettings = {
				COPY_PHASE_STRIP = NO;
			};
			name = Release;
		};
		E4C8832176E0430992376B20 /* RelWithDebInfo */ = {
			isa = PBXBuildStyle;
			buildSettings = {
				COPY_PHASE_STRIP = NO;
			};
			name = RelWithDebInfo;
		};
		FE491122E4C24D06AB31DC30 = {
			isa = PBXBuildStyle;
		};
/* End PBXBuildStyle section */

/* Begin PBXContainerItemProxy section */
		1344C09B33314BC09B186DC9 /* PBXContainerItemProxy */ = {
			isa = PBXContainerItemProxy;
			containerPortal = 471A34D36FC041C2B75C7906 /* Project object */;
			proxyType = 1;
			remoteGlobalIDString = 89BC45D458704DFF90BEAF05;
			remoteInfo = ZERO_CHECK;
		};
		C0C72B4A2530469B9BE81309 /* PBXContainerItemProxy */ = {
			isa = PBXContainerItemProxy;
			containerPortal = 471A34D36FC041C2B75C7906 /* Project object */;
			proxyType = 1;
			remoteGlobalIDString = A5B4F6CB4E954C6FA9E11C61;
			remoteInfo = "l1t-macros";
		};
		D8F03B06EF9A4824BE51040B /* PBXContainerItemProxy */ = {
			isa = PBXContainerItemProxy;
			containerPortal = 471A34D36FC041C2B75C7906 /* Project object */;
			proxyType = 1;
			remoteGlobalIDString = 89BC45D458704DFF90BEAF05;
			remoteInfo = ZERO_CHECK;
		};
/* End PBXContainerItemProxy section */

/* Begin PBXFileReference section */
		01800961DC0849A8887C6F2E /* /Users/alex/Documents/l1t-macros/CMakeLists.txt */ = {isa = PBXFileReference; explicitFileType = sourcecode.text; fileEncoding = 4; name = CMakeLists.txt; path = CMakeLists.txt; sourceTree = SOURCE_ROOT; };
		05E4BE4B411043E5B93ADD22 /* /Users/alex/Documents/l1t-macros/Plotting/TL1XvsY.h */ = {isa = PBXFileReference; explicitFileType = sourcecode.c.h; fileEncoding = 4; name = TL1XvsY.h; path = Plotting/TL1XvsY.h; sourceTree = SOURCE_ROOT; };
		06AB19F8B84643AFA3FACD99 /* /Users/alex/Documents/l1t-macros/makeJetTurnons.cxx */ = {isa = PBXFileReference; explicitFileType = sourcecode.cpp.cpp; fileEncoding = 4; name = makeJetTurnons.cxx; path = makeJetTurnons.cxx; sourceTree = SOURCE_ROOT; };
		06E4C8D57CA444ECB09148FE /* /Users/alex/Documents/l1t-macros/makeResolutions.cxx */ = {isa = PBXFileReference; explicitFileType = sourcecode.cpp.cpp; fileEncoding = 4; name = makeResolutions.cxx; path = makeResolutions.cxx; sourceTree = SOURCE_ROOT; };
		0B5E338FDF9946AA9AAC8E77 /* /Users/alex/Documents/l1t-macros/makeRates.cxx */ = {isa = PBXFileReference; explicitFileType = sourcecode.cpp.cpp; fileEncoding = 4; name = makeRates.cxx; path = makeRates.cxx; sourceTree = SOURCE_ROOT; };
		168D45DB1EE445799115CB89 /* /Users/alex/Documents/l1t-macros/Plotting/tdrstyle.C */ = {isa = PBXFileReference; explicitFileType = sourcecode.cpp.cpp; fileEncoding = 4; name = tdrstyle.C; path = Plotting/tdrstyle.C; sourceTree = SOURCE_ROOT; };
		1F7F0BEB737E4A0BBC985230 /* /Users/alex/Documents/l1t-macros/makeRateEfficiency.cxx */ = {isa = PBXFileReference; explicitFileType = sourcecode.cpp.cpp; fileEncoding = 4; name = makeRateEfficiency.cxx; path = makeRateEfficiency.cxx; sourceTree = SOURCE_ROOT; };
		25589A37ABD34C7C90DBB1F1 /* /Users/alex/Documents/l1t-macros/Plotting/TL1PUWeights.h */ = {isa = PBXFileReference; explicitFileType = sourcecode.c.h; fileEncoding = 4; name = TL1PUWeights.h; path = Plotting/TL1PUWeights.h; sourceTree = SOURCE_ROOT; };
		2E733CD315A946E489CD59EB /* /Users/alex/Documents/l1t-macros/Plotting/TL1RateEfficiency.h */ = {isa = PBXFileReference; explicitFileType = sourcecode.c.h; fileEncoding = 4; name = TL1RateEfficiency.h; path = Plotting/TL1RateEfficiency.h; sourceTree = SOURCE_ROOT; };
		3D2540D4B6D048A89AF3F779 /* /Users/alex/Documents/l1t-macros/makeJetResolutions.cxx */ = {isa = PBXFileReference; explicitFileType = sourcecode.cpp.cpp; fileEncoding = 4; name = makeJetResolutions.cxx; path = makeJetResolutions.cxx; sourceTree = SOURCE_ROOT; };
		3DAC824A0FDE43AB8F741473 /* /Users/alex/Documents/l1t-macros/Utilities/TL1DateTime.C */ = {isa = PBXFileReference; explicitFileType = sourcecode.cpp.cpp; fileEncoding = 4; name = TL1DateTime.C; path = Utilities/TL1DateTime.C; sourceTree = SOURCE_ROOT; };
		5B944AF094DF4305BF0501EB /* /Users/alex/Documents/l1t-macros/Plotting/TL1Plots.h */ = {isa = PBXFileReference; explicitFileType = sourcecode.c.h; fileEncoding = 4; name = TL1Plots.h; path = Plotting/TL1Plots.h; sourceTree = SOURCE_ROOT; };
		5E4D9541BA1A4E659C8F4B0A /* /Users/alex/Documents/l1t-macros/makeRates_old.cxx */ = {isa = PBXFileReference; explicitFileType = sourcecode.cpp.cpp; fileEncoding = 4; name = makeRates_old.cxx; path = makeRates_old.cxx; sourceTree = SOURCE_ROOT; };
		64E24ECC685C44C2A7E6DA27 /* /Users/alex/Documents/l1t-macros/CMakeLists.txt */ = {isa = PBXFileReference; explicitFileType = sourcecode.text; fileEncoding = 4; name = CMakeLists.txt; path = CMakeLists.txt; sourceTree = SOURCE_ROOT; };
		6D7CB72FADE744A59491711C /* /Users/alex/Documents/l1t-macros/makeXvsY.cxx */ = {isa = PBXFileReference; explicitFileType = sourcecode.cpp.cpp; fileEncoding = 4; name = makeXvsY.cxx; path = makeXvsY.cxx; sourceTree = SOURCE_ROOT; };
		7015D6DEB51C4854BD8D388B /* l1t-macros */ = {isa = PBXFileReference; explicitFileType = "compiled.mach-o.executable"; path = "l1t-macros"; refType = 0; sourceTree = BUILT_PRODUCTS_DIR; };
		7B1D571335D24F2C90637703 /* /Users/alex/Documents/l1t-macros/Tests/testTL1DrawTurnon.C */ = {isa = PBXFileReference; explicitFileType = sourcecode.cpp.cpp; fileEncoding = 4; name = testTL1DrawTurnon.C; path = Tests/testTL1DrawTurnon.C; sourceTree = SOURCE_ROOT; };
		7F97757D82FD4145AC4416D3 /* /Users/alex/Documents/l1t-macros/makeJetXvsY.cxx */ = {isa = PBXFileReference; explicitFileType = sourcecode.cpp.cpp; fileEncoding = 4; name = makeJetXvsY.cxx; path = makeJetXvsY.cxx; sourceTree = SOURCE_ROOT; };
		865AFA18D6D34557B1516403 /* /Users/alex/Documents/l1t-macros/Utilities/TL1Progress.C */ = {isa = PBXFileReference; explicitFileType = sourcecode.cpp.cpp; fileEncoding = 4; name = TL1Progress.C; path = Utilities/TL1Progress.C; sourceTree = SOURCE_ROOT; };
		8C4B8524AC4441FBBC8DD66B /* /Users/alex/Documents/l1t-macros/Plotting/TL1Turnon.h */ = {isa = PBXFileReference; explicitFileType = sourcecode.c.h; fileEncoding = 4; name = TL1Turnon.h; path = Plotting/TL1Turnon.h; sourceTree = SOURCE_ROOT; };
		8EEA0A312BF54D6BA654C112 /* /Users/alex/Documents/l1t-macros/generatePUWeights.cxx */ = {isa = PBXFileReference; explicitFileType = sourcecode.cpp.cpp; fileEncoding = 4; name = generatePUWeights.cxx; path = generatePUWeights.cxx; sourceTree = SOURCE_ROOT; };
		9809AF24AF7F4CC290E5C8DD /* /Users/alex/Documents/l1t-macros/makeTurnons.cxx */ = {isa = PBXFileReference; explicitFileType = sourcecode.cpp.cpp; fileEncoding = 4; name = makeTurnons.cxx; path = makeTurnons.cxx; sourceTree = SOURCE_ROOT; };
		9B24F580E1584558A0139918 /* /Users/alex/Documents/l1t-macros/Plotting/TL1Rates.h */ = {isa = PBXFileReference; explicitFileType = sourcecode.c.h; fileEncoding = 4; name = TL1Rates.h; path = Plotting/TL1Rates.h; sourceTree = SOURCE_ROOT; };
		AC7ADD22B24448C597DC9B9B /* /Users/alex/Documents/l1t-macros/Event/TL1PrimitiveEventClass.h */ = {isa = PBXFileReference; explicitFileType = sourcecode.c.h; fileEncoding = 4; name = TL1PrimitiveEventClass.h; path = Event/TL1PrimitiveEventClass.h; sourceTree = SOURCE_ROOT; };
		BE6A4D787FDB4FE3ACCE926A /* /Users/alex/Documents/l1t-macros/Plotting/TL1Resolution.h */ = {isa = PBXFileReference; explicitFileType = sourcecode.c.h; fileEncoding = 4; name = TL1Resolution.h; path = Plotting/TL1Resolution.h; sourceTree = SOURCE_ROOT; };
		CA5A833162484EAA8625F81B /* /Users/alex/Documents/l1t-macros/Event/TL1EventClass.h */ = {isa = PBXFileReference; explicitFileType = sourcecode.c.h; fileEncoding = 4; name = TL1EventClass.h; path = Event/TL1EventClass.h; sourceTree = SOURCE_ROOT; };
		CDA71926839C4259BF40484B /* /Users/alex/Documents/l1t-macros/CMakeLists.txt */ = {isa = PBXFileReference; explicitFileType = sourcecode.text; fileEncoding = 4; name = CMakeLists.txt; path = CMakeLists.txt; sourceTree = SOURCE_ROOT; };
		E40C9B34C04B4117B579FA1C /* /Users/alex/Documents/l1t-macros/CMakeFiles/feature_tests.c */ = {isa = PBXFileReference; explicitFileType = sourcecode.c.c; fileEncoding = 4; name = feature_tests.c; path = CMakeFiles/feature_tests.c; sourceTree = SOURCE_ROOT; };
		ED2A755C7D194C1B80B91E5A /* /Users/alex/Documents/l1t-macros/Event/TL1DataClass.h */ = {isa = PBXFileReference; explicitFileType = sourcecode.c.h; fileEncoding = 4; name = TL1DataClass.h; path = Event/TL1DataClass.h; sourceTree = SOURCE_ROOT; };
/* End PBXFileReference section */

/* Begin PBXGroup section */
		15ACA601D2124635AAB18B23 /* Resources */ = {
			isa = PBXGroup;
			children = (
			);
			name = Resources;
			sourceTree = "<group>";
		};
		1C117D194A4B4C7A9B747B11 /* Products */ = {
			isa = PBXGroup;
			children = (
				7015D6DEB51C4854BD8D388B /* l1t-macros */,
			);
			name = Products;
			sourceTree = "<group>";
		};
		1C23E0BA1476474AB51B2395 /* Sources */ = {
			isa = PBXGroup;
			children = (
				BAB8C69F392F4DF188B02A2F /* ZERO_CHECK */,
				2C5A12D85DDC4461A48E9181 /* ALL_BUILD */,
				3DD14DE70CE748A48F63728F /* l1t-macros */,
			);
			name = Sources;
			sourceTree = "<group>";
		};
		2C5A12D85DDC4461A48E9181 /* ALL_BUILD */ = {
			isa = PBXGroup;
			children = (
				904D2ED23669461AA60C436F /* CMake Rules */,
				01800961DC0849A8887C6F2E /* /Users/alex/Documents/l1t-macros/CMakeLists.txt */,
			);
			name = ALL_BUILD;
			sourceTree = "<group>";
		};
		3DD14DE70CE748A48F63728F /* l1t-macros */ = {
			isa = PBXGroup;
			children = (
				FFF5E98EACA144FDABDA5AE4 /* Source Files */,
				77067E37EF824BE8B8973EE6 /* Header Files */,
				CDA71926839C4259BF40484B /* /Users/alex/Documents/l1t-macros/CMakeLists.txt */,
			);
			name = "l1t-macros";
			sourceTree = "<group>";
		};
		77067E37EF824BE8B8973EE6 /* Header Files */ = {
			isa = PBXGroup;
			children = (
				ED2A755C7D194C1B80B91E5A /* /Users/alex/Documents/l1t-macros/Event/TL1DataClass.h */,
				CA5A833162484EAA8625F81B /* /Users/alex/Documents/l1t-macros/Event/TL1EventClass.h */,
				AC7ADD22B24448C597DC9B9B /* /Users/alex/Documents/l1t-macros/Event/TL1PrimitiveEventClass.h */,
				25589A37ABD34C7C90DBB1F1 /* /Users/alex/Documents/l1t-macros/Plotting/TL1PUWeights.h */,
				5B944AF094DF4305BF0501EB /* /Users/alex/Documents/l1t-macros/Plotting/TL1Plots.h */,
				2E733CD315A946E489CD59EB /* /Users/alex/Documents/l1t-macros/Plotting/TL1RateEfficiency.h */,
				9B24F580E1584558A0139918 /* /Users/alex/Documents/l1t-macros/Plotting/TL1Rates.h */,
				BE6A4D787FDB4FE3ACCE926A /* /Users/alex/Documents/l1t-macros/Plotting/TL1Resolution.h */,
				8C4B8524AC4441FBBC8DD66B /* /Users/alex/Documents/l1t-macros/Plotting/TL1Turnon.h */,
				05E4BE4B411043E5B93ADD22 /* /Users/alex/Documents/l1t-macros/Plotting/TL1XvsY.h */,
			);
			name = "Header Files";
			sourceTree = "<group>";
		};
		7ADE70641F024E45AF63098F /* CMake Rules */ = {
			isa = PBXGroup;
			children = (
			);
			name = "CMake Rules";
			sourceTree = "<group>";
		};
		904D2ED23669461AA60C436F /* CMake Rules */ = {
			isa = PBXGroup;
			children = (
			);
			name = "CMake Rules";
			sourceTree = "<group>";
		};
		A2A50D0505A14A1F9203F7FB = {
			isa = PBXGroup;
			children = (
				1C23E0BA1476474AB51B2395 /* Sources */,
				15ACA601D2124635AAB18B23 /* Resources */,
				1C117D194A4B4C7A9B747B11 /* Products */,
			);
			sourceTree = "<group>";
		};
		BAB8C69F392F4DF188B02A2F /* ZERO_CHECK */ = {
			isa = PBXGroup;
			children = (
				7ADE70641F024E45AF63098F /* CMake Rules */,
				64E24ECC685C44C2A7E6DA27 /* /Users/alex/Documents/l1t-macros/CMakeLists.txt */,
			);
			name = ZERO_CHECK;
			sourceTree = "<group>";
		};
		FFF5E98EACA144FDABDA5AE4 /* Source Files */ = {
			isa = PBXGroup;
			children = (
				E40C9B34C04B4117B579FA1C /* /Users/alex/Documents/l1t-macros/CMakeFiles/feature_tests.c */,
				168D45DB1EE445799115CB89 /* /Users/alex/Documents/l1t-macros/Plotting/tdrstyle.C */,
				7B1D571335D24F2C90637703 /* /Users/alex/Documents/l1t-macros/Tests/testTL1DrawTurnon.C */,
				3DAC824A0FDE43AB8F741473 /* /Users/alex/Documents/l1t-macros/Utilities/TL1DateTime.C */,
				865AFA18D6D34557B1516403 /* /Users/alex/Documents/l1t-macros/Utilities/TL1Progress.C */,
				8EEA0A312BF54D6BA654C112 /* /Users/alex/Documents/l1t-macros/generatePUWeights.cxx */,
				3D2540D4B6D048A89AF3F779 /* /Users/alex/Documents/l1t-macros/makeJetResolutions.cxx */,
				06AB19F8B84643AFA3FACD99 /* /Users/alex/Documents/l1t-macros/makeJetTurnons.cxx */,
				7F97757D82FD4145AC4416D3 /* /Users/alex/Documents/l1t-macros/makeJetXvsY.cxx */,
				1F7F0BEB737E4A0BBC985230 /* /Users/alex/Documents/l1t-macros/makeRateEfficiency.cxx */,
				0B5E338FDF9946AA9AAC8E77 /* /Users/alex/Documents/l1t-macros/makeRates.cxx */,
				5E4D9541BA1A4E659C8F4B0A /* /Users/alex/Documents/l1t-macros/makeRates_old.cxx */,
				06E4C8D57CA444ECB09148FE /* /Users/alex/Documents/l1t-macros/makeResolutions.cxx */,
				9809AF24AF7F4CC290E5C8DD /* /Users/alex/Documents/l1t-macros/makeTurnons.cxx */,
				6D7CB72FADE744A59491711C /* /Users/alex/Documents/l1t-macros/makeXvsY.cxx */,
			);
			name = "Source Files";
			sourceTree = "<group>";
		};
/* End PBXGroup section */

/* Begin PBXNativeTarget section */
		A5B4F6CB4E954C6FA9E11C61 /* l1t-macros */ = {
			isa = PBXNativeTarget;
			buildConfigurationList = 9C42D21109E4404E9BE2BE27 /* Build configuration list for PBXNativeTarget "l1t-macros" */;
			buildPhases = (
				4C454F3B09BA43BC94A3D991 /* Sources */,
			);
			buildRules = (
			);
			dependencies = (
				9699F6C4EE1440929AB3D02A /* PBXTargetDependency */,
			);
			name = "l1t-macros";
			productName = "l1t-macros";
			productReference = 7015D6DEB51C4854BD8D388B /* l1t-macros */;
			productType = "com.apple.product-type.tool";
		};
/* End PBXNativeTarget section */

/* Begin PBXProject section */
		471A34D36FC041C2B75C7906 /* Project object */ = {
			isa = PBXProject;
			attributes = {
				BuildIndependentTargetsInParallel = YES;
			};
			buildConfigurationList = 73001AA3AEAF4240BCA3D7D3 /* Build configuration list for PBXProject "l1t-macros" */;
			buildSettings = {
			};
			buildStyles = (
				0F41B34600EB4B4CB5C26C35 /* Debug */,
				780DBA3F610F45AFA9A4D955 /* Release */,
				593E5D2B14A7428CAB7C7FF6 /* MinSizeRel */,
				E4C8832176E0430992376B20 /* RelWithDebInfo */,
			);
			compatibilityVersion = "Xcode 3.2";
			hasScannedForEncodings = 0;
			mainGroup = A2A50D0505A14A1F9203F7FB;
			projectDirPath = .;
			projectRoot = "";
			targets = (
				34A204787B884DDD90A43966 /* ALL_BUILD */,
				89BC45D458704DFF90BEAF05 /* ZERO_CHECK */,
				A5B4F6CB4E954C6FA9E11C61 /* l1t-macros */,
			);
		};
/* End PBXProject section */

/* Begin PBXShellScriptBuildPhase section */
		09F45AE9C8DB494FA19F2EC6 = {
			isa = PBXShellScriptBuildPhase;
			buildActionMask = 2147483647;
			files = (
			);
			inputPaths = (
			);
			outputPaths = (
			);
			runOnlyForDeploymentPostprocessing = 0;
			shellPath = /bin/sh;
			shellScript = "# shell script goes here
exit 0";
			showEnvVarsInLog = 0;
		};
		369755D233A04E89922A62ED /* CMake Rules */ = {
			isa = PBXShellScriptBuildPhase;
			buildActionMask = 2147483647;
			files = (
			);
			name = "CMake Rules";
			runOnlyForDeploymentPostprocessing = 0;
			shellPath = /bin/sh;
			shellScript = "make -C /Users/alex/Documents/l1t-macros -f /Users/alex/Documents/l1t-macros/CMakeScripts/ZERO_CHECK_cmakeRulesBuildPhase.make$CONFIGURATION all";
			showEnvVarsInLog = 0;
		};
		4D217E2EA1CE41439B866D90 /* CMake Rules */ = {
			isa = PBXShellScriptBuildPhase;
			buildActionMask = 2147483647;
			files = (
			);
			name = "CMake Rules";
			runOnlyForDeploymentPostprocessing = 0;
			shellPath = /bin/sh;
			shellScript = "make -C /Users/alex/Documents/l1t-macros -f /Users/alex/Documents/l1t-macros/CMakeScripts/ALL_BUILD_cmakeRulesBuildPhase.make$CONFIGURATION all";
			showEnvVarsInLog = 0;
		};
		DA0F9870153648498FDD0902 = {
			isa = PBXShellScriptBuildPhase;
			buildActionMask = 2147483647;
			files = (
			);
			inputPaths = (
			);
			outputPaths = (
			);
			runOnlyForDeploymentPostprocessing = 0;
			shellPath = /bin/sh;
			shellScript = "# shell script goes here
exit 0";
			showEnvVarsInLog = 0;
		};
/* End PBXShellScriptBuildPhase section */

/* Begin PBXSourcesBuildPhase section */
		4C454F3B09BA43BC94A3D991 /* Sources */ = {
			isa = PBXSourcesBuildPhase;
			buildActionMask = 2147483647;
			files = (
				34AE78C248AC4F059A2232E8 /* /Users/alex/Documents/l1t-macros/CMakeFiles/feature_tests.c */,
				82E9DA3E54774263BA3DB028 /* /Users/alex/Documents/l1t-macros/Plotting/tdrstyle.C */,
				0316BB6B6F8B4596A9FA4E31 /* /Users/alex/Documents/l1t-macros/Tests/testTL1DrawTurnon.C */,
				122E4E396E154DA59A62CE70 /* /Users/alex/Documents/l1t-macros/Utilities/TL1DateTime.C */,
				9F66B946CB2C4181801FCE84 /* /Users/alex/Documents/l1t-macros/Utilities/TL1Progress.C */,
				93DA0F40CFAA430D86A45D9F /* /Users/alex/Documents/l1t-macros/generatePUWeights.cxx */,
				24FA21994BCF40C3968E5AA7 /* /Users/alex/Documents/l1t-macros/makeJetResolutions.cxx */,
				A9A613FD8C974450A907864A /* /Users/alex/Documents/l1t-macros/makeJetTurnons.cxx */,
				6C4E9B74391C42809B05EF8D /* /Users/alex/Documents/l1t-macros/makeJetXvsY.cxx */,
				63D6089190854BFDAA45A4C7 /* /Users/alex/Documents/l1t-macros/makeRateEfficiency.cxx */,
				13EC093418344BE8858C05AD /* /Users/alex/Documents/l1t-macros/makeRates.cxx */,
				7B372E28F0E44D2B86F1935F /* /Users/alex/Documents/l1t-macros/makeRates_old.cxx */,
				9E7BB6C440054F2391CCCC01 /* /Users/alex/Documents/l1t-macros/makeResolutions.cxx */,
				AF303FE95E074014A1E1482C /* /Users/alex/Documents/l1t-macros/makeTurnons.cxx */,
				A83FEEC1D86E472ABE130489 /* /Users/alex/Documents/l1t-macros/makeXvsY.cxx */,
			);
			runOnlyForDeploymentPostprocessing = 0;
		};
/* End PBXSourcesBuildPhase section */

/* Begin PBXTargetDependency section */
		4361CB72AF4841E0A2868164 /* PBXTargetDependency */ = {
			isa = PBXTargetDependency;
			target = A5B4F6CB4E954C6FA9E11C61 /* l1t-macros */;
			targetProxy = C0C72B4A2530469B9BE81309 /* PBXContainerItemProxy */;
		};
		9699F6C4EE1440929AB3D02A /* PBXTargetDependency */ = {
			isa = PBXTargetDependency;
			target = 89BC45D458704DFF90BEAF05 /* ZERO_CHECK */;
			targetProxy = 1344C09B33314BC09B186DC9 /* PBXContainerItemProxy */;
		};
		EB5A50279F0E47429C81A79A /* PBXTargetDependency */ = {
			isa = PBXTargetDependency;
			target = 89BC45D458704DFF90BEAF05 /* ZERO_CHECK */;
			targetProxy = D8F03B06EF9A4824BE51040B /* PBXContainerItemProxy */;
		};
/* End PBXTargetDependency section */

/* Begin XCBuildConfiguration section */
		02A555B3599746238B0CF01B /* MinSizeRel */ = {
			isa = XCBuildConfiguration;
			buildSettings = {
				COMBINE_HIDPI_IMAGES = YES;
				GCC_GENERATE_DEBUGGING_SYMBOLS = YES;
				GCC_INLINES_ARE_PRIVATE_EXTERN = NO;
				GCC_OPTIMIZATION_LEVEL = 0;
				GCC_PREPROCESSOR_DEFINITIONS = ("'CMAKE_INTDIR=\"$(CONFIGURATION)$(EFFECTIVE_PLATFORM_NAME)\"'", );
				GCC_SYMBOLS_PRIVATE_EXTERN = NO;
				HEADER_SEARCH_PATHS = ("/Users/alex/Documents/l1t-macros/Event", "/Users/alex/Documents/l1t-macros/Plotting", "/Users/alex/Documents/l1t-macros/Tests", "/Users/alex/Documents/l1t-macros/Utilities", );
				INSTALL_PATH = "";
				OTHER_LDFLAGS = " ";
				OTHER_REZFLAGS = "";
				PRODUCT_NAME = ALL_BUILD;
				SECTORDER_FLAGS = "";
				SYMROOT = "/Users/alex/Documents/l1t-macros";
				USE_HEADERMAP = NO;
				WARNING_CFLAGS = ("-Wmost", "-Wno-four-char-constants", "-Wno-unknown-pragmas", "$(inherited)", );
			};
			name = MinSizeRel;
		};
		089B42FC18604B659FEAE7CC /* RelWithDebInfo */ = {
			isa = XCBuildConfiguration;
			buildSettings = {
				COMBINE_HIDPI_IMAGES = YES;
				GCC_GENERATE_DEBUGGING_SYMBOLS = YES;
				GCC_INLINES_ARE_PRIVATE_EXTERN = NO;
				GCC_OPTIMIZATION_LEVEL = 0;
				GCC_PREPROCESSOR_DEFINITIONS = ("'CMAKE_INTDIR=\"$(CONFIGURATION)$(EFFECTIVE_PLATFORM_NAME)\"'", );
				GCC_SYMBOLS_PRIVATE_EXTERN = NO;
				HEADER_SEARCH_PATHS = ("/Users/alex/Documents/l1t-macros/Event", "/Users/alex/Documents/l1t-macros/Plotting", "/Users/alex/Documents/l1t-macros/Tests", "/Users/alex/Documents/l1t-macros/Utilities", );
				INSTALL_PATH = "";
				OTHER_LDFLAGS = " ";
				OTHER_REZFLAGS = "";
				PRODUCT_NAME = ALL_BUILD;
				SECTORDER_FLAGS = "";
				SYMROOT = "/Users/alex/Documents/l1t-macros";
				USE_HEADERMAP = NO;
				WARNING_CFLAGS = ("-Wmost", "-Wno-four-char-constants", "-Wno-unknown-pragmas", "$(inherited)", );
			};
			name = RelWithDebInfo;
		};
		08CA0DEBE7464B58B96FF167 /* Release */ = {
			isa = XCBuildConfiguration;
			buildSettings = {
				COMBINE_HIDPI_IMAGES = YES;
				GCC_GENERATE_DEBUGGING_SYMBOLS = YES;
				GCC_INLINES_ARE_PRIVATE_EXTERN = NO;
				GCC_OPTIMIZATION_LEVEL = 0;
				GCC_PREPROCESSOR_DEFINITIONS = ("'CMAKE_INTDIR=\"$(CONFIGURATION)$(EFFECTIVE_PLATFORM_NAME)\"'", );
				GCC_SYMBOLS_PRIVATE_EXTERN = NO;
				HEADER_SEARCH_PATHS = ("/Users/alex/Documents/l1t-macros/Event", "/Users/alex/Documents/l1t-macros/Plotting", "/Users/alex/Documents/l1t-macros/Tests", "/Users/alex/Documents/l1t-macros/Utilities", );
				INSTALL_PATH = "";
				OTHER_LDFLAGS = " ";
				OTHER_REZFLAGS = "";
				PRODUCT_NAME = ZERO_CHECK;
				SECTORDER_FLAGS = "";
				SYMROOT = "/Users/alex/Documents/l1t-macros";
				USE_HEADERMAP = NO;
				WARNING_CFLAGS = ("-Wmost", "-Wno-four-char-constants", "-Wno-unknown-pragmas", "$(inherited)", );
			};
			name = Release;
		};
		0F7F048E40D24A8EB5E017F1 /* Release */ = {
			isa = XCBuildConfiguration;
			buildSettings = {
				ONLY_ACTIVE_ARCH = YES;
				SDKROOT = /Applications/Xcode.app/Contents/Developer/Platforms/MacOSX.platform/Developer/SDKs/MacOSX10.12.sdk;
				SYMROOT = "/Users/alex/Documents/l1t-macros/build";
			};
			name = Release;
		};
		1B15CFAF2BAF4AE4B8C0C81B /* Debug */ = {
			isa = XCBuildConfiguration;
			buildSettings = {
				ONLY_ACTIVE_ARCH = YES;
				SDKROOT = /Applications/Xcode.app/Contents/Developer/Platforms/MacOSX.platform/Developer/SDKs/MacOSX10.12.sdk;
				SYMROOT = "/Users/alex/Documents/l1t-macros/build";
			};
			name = Debug;
		};
		2AD3CDDC4C0E4CC3A81A337A /* RelWithDebInfo */ = {
			isa = XCBuildConfiguration;
			buildSettings = {
				COMBINE_HIDPI_IMAGES = YES;
				EXECUTABLE_PREFIX = "";
				EXECUTABLE_SUFFIX = "";
				GCC_GENERATE_DEBUGGING_SYMBOLS = YES;
				GCC_INLINES_ARE_PRIVATE_EXTERN = NO;
				GCC_OPTIMIZATION_LEVEL = 2;
				GCC_PREPROCESSOR_DEFINITIONS = ("'CMAKE_INTDIR=\"$(CONFIGURATION)$(EFFECTIVE_PLATFORM_NAME)\"'", G4ANALYSIS_USE_ROOT, );
				GCC_SYMBOLS_PRIVATE_EXTERN = NO;
				HEADER_SEARCH_PATHS = ("/Users/alex/Documents/l1t-macros/Event", "/Users/alex/Documents/l1t-macros/Plotting", "/Users/alex/Documents/l1t-macros/Tests", "/Users/alex/Documents/l1t-macros/Utilities", );
				INSTALL_PATH = "";
				LIBRARY_SEARCH_PATHS = "";
				OTHER_CFLAGS = "       -DNDEBUG  ";
				OTHER_CPLUSPLUSFLAGS = "       -DNDEBUG '-std=gnu++11'  ";
				OTHER_LDFLAGS = " -Wl,-search_paths_first -Wl,-headerpad_max_install_names  ";
				OTHER_REZFLAGS = "";
				PRODUCT_NAME = "l1t-macros";
				SECTORDER_FLAGS = "";
				SYMROOT = "/Users/alex/Documents/l1t-macros";
				USE_HEADERMAP = NO;
				WARNING_CFLAGS = ("-Wmost", "-Wno-four-char-constants", "-Wno-unknown-pragmas", "$(inherited)", );
			};
			name = RelWithDebInfo;
		};
		3B437F6BE2884D778A37F7A9 /* Debug */ = {
			isa = XCBuildConfiguration;
			buildSettings = {
				COMBINE_HIDPI_IMAGES = YES;
				GCC_GENERATE_DEBUGGING_SYMBOLS = YES;
				GCC_INLINES_ARE_PRIVATE_EXTERN = NO;
				GCC_OPTIMIZATION_LEVEL = 0;
				GCC_PREPROCESSOR_DEFINITIONS = ("'CMAKE_INTDIR=\"$(CONFIGURATION)$(EFFECTIVE_PLATFORM_NAME)\"'", );
				GCC_SYMBOLS_PRIVATE_EXTERN = NO;
				HEADER_SEARCH_PATHS = ("/Users/alex/Documents/l1t-macros/Event", "/Users/alex/Documents/l1t-macros/Plotting", "/Users/alex/Documents/l1t-macros/Tests", "/Users/alex/Documents/l1t-macros/Utilities", );
				INSTALL_PATH = "";
				OTHER_LDFLAGS = " ";
				OTHER_REZFLAGS = "";
				PRODUCT_NAME = ALL_BUILD;
				SECTORDER_FLAGS = "";
				SYMROOT = "/Users/alex/Documents/l1t-macros";
				USE_HEADERMAP = NO;
				WARNING_CFLAGS = ("-Wmost", "-Wno-four-char-constants", "-Wno-unknown-pragmas", "$(inherited)", );
			};
			name = Debug;
		};
		4E589723814941B88161F37F /* RelWithDebInfo */ = {
			isa = XCBuildConfiguration;
			buildSettings = {
				ONLY_ACTIVE_ARCH = YES;
				SDKROOT = /Applications/Xcode.app/Contents/Developer/Platforms/MacOSX.platform/Developer/SDKs/MacOSX10.12.sdk;
				SYMROOT = "/Users/alex/Documents/l1t-macros/build";
			};
			name = RelWithDebInfo;
		};
		566DC5A4AA54431682F47D37 /* Debug */ = {
			isa = XCBuildConfiguration;
			buildSettings = {
				COMBINE_HIDPI_IMAGES = YES;
				GCC_GENERATE_DEBUGGING_SYMBOLS = YES;
				GCC_INLINES_ARE_PRIVATE_EXTERN = NO;
				GCC_OPTIMIZATION_LEVEL = 0;
				GCC_PREPROCESSOR_DEFINITIONS = ("'CMAKE_INTDIR=\"$(CONFIGURATION)$(EFFECTIVE_PLATFORM_NAME)\"'", );
				GCC_SYMBOLS_PRIVATE_EXTERN = NO;
				HEADER_SEARCH_PATHS = ("/Users/alex/Documents/l1t-macros/Event", "/Users/alex/Documents/l1t-macros/Plotting", "/Users/alex/Documents/l1t-macros/Tests", "/Users/alex/Documents/l1t-macros/Utilities", );
				INSTALL_PATH = "";
				OTHER_LDFLAGS = " ";
				OTHER_REZFLAGS = "";
				PRODUCT_NAME = ZERO_CHECK;
				SECTORDER_FLAGS = "";
				SYMROOT = "/Users/alex/Documents/l1t-macros";
				USE_HEADERMAP = NO;
				WARNING_CFLAGS = ("-Wmost", "-Wno-four-char-constants", "-Wno-unknown-pragmas", "$(inherited)", );
			};
			name = Debug;
		};
		59F8A697FB784EBC8D5E2206 /* Debug */ = {
			isa = XCBuildConfiguration;
			buildSettings = {
				COMBINE_HIDPI_IMAGES = YES;
				EXECUTABLE_PREFIX = "";
				EXECUTABLE_SUFFIX = "";
				GCC_GENERATE_DEBUGGING_SYMBOLS = YES;
				GCC_INLINES_ARE_PRIVATE_EXTERN = NO;
				GCC_OPTIMIZATION_LEVEL = 0;
				GCC_PREPROCESSOR_DEFINITIONS = ("'CMAKE_INTDIR=\"$(CONFIGURATION)$(EFFECTIVE_PLATFORM_NAME)\"'", G4ANALYSIS_USE_ROOT, );
				GCC_SYMBOLS_PRIVATE_EXTERN = NO;
				HEADER_SEARCH_PATHS = ("/Users/alex/Documents/l1t-macros/Event", "/Users/alex/Documents/l1t-macros/Plotting", "/Users/alex/Documents/l1t-macros/Tests", "/Users/alex/Documents/l1t-macros/Utilities", );
				INSTALL_PATH = "";
				LIBRARY_SEARCH_PATHS = "";
				OTHER_CFLAGS = "    ";
				OTHER_CPLUSPLUSFLAGS = "   '-std=gnu++11'  ";
				OTHER_LDFLAGS = " -Wl,-search_paths_first -Wl,-headerpad_max_install_names  ";
				OTHER_REZFLAGS = "";
				PRODUCT_NAME = "l1t-macros";
				SECTORDER_FLAGS = "";
				SYMROOT = "/Users/alex/Documents/l1t-macros";
				USE_HEADERMAP = NO;
				WARNING_CFLAGS = ("-Wmost", "-Wno-four-char-constants", "-Wno-unknown-pragmas", "$(inherited)", );
			};
			name = Debug;
		};
		5AF2B03961FD4A1C987D31BF /* RelWithDebInfo */ = {
			isa = XCBuildConfiguration;
			buildSettings = {
				COMBINE_HIDPI_IMAGES = YES;
				GCC_GENERATE_DEBUGGING_SYMBOLS = YES;
				GCC_INLINES_ARE_PRIVATE_EXTERN = NO;
				GCC_OPTIMIZATION_LEVEL = 0;
				GCC_PREPROCESSOR_DEFINITIONS = ("'CMAKE_INTDIR=\"$(CONFIGURATION)$(EFFECTIVE_PLATFORM_NAME)\"'", );
				GCC_SYMBOLS_PRIVATE_EXTERN = NO;
				HEADER_SEARCH_PATHS = ("/Users/alex/Documents/l1t-macros/Event", "/Users/alex/Documents/l1t-macros/Plotting", "/Users/alex/Documents/l1t-macros/Tests", "/Users/alex/Documents/l1t-macros/Utilities", );
				INSTALL_PATH = "";
				OTHER_LDFLAGS = " ";
				OTHER_REZFLAGS = "";
				PRODUCT_NAME = ZERO_CHECK;
				SECTORDER_FLAGS = "";
				SYMROOT = "/Users/alex/Documents/l1t-macros";
				USE_HEADERMAP = NO;
				WARNING_CFLAGS = ("-Wmost", "-Wno-four-char-constants", "-Wno-unknown-pragmas", "$(inherited)", );
			};
			name = RelWithDebInfo;
		};
		64E03484E4C448CDA3E59844 /* MinSizeRel */ = {
			isa = XCBuildConfiguration;
			buildSettings = {
				ONLY_ACTIVE_ARCH = YES;
				SDKROOT = /Applications/Xcode.app/Contents/Developer/Platforms/MacOSX.platform/Developer/SDKs/MacOSX10.12.sdk;
				SYMROOT = "/Users/alex/Documents/l1t-macros/build";
			};
			name = MinSizeRel;
		};
		C40682E4CDD3464DBBE8DFDD /* Release */ = {
			isa = XCBuildConfiguration;
			buildSettings = {
				COMBINE_HIDPI_IMAGES = YES;
				EXECUTABLE_PREFIX = "";
				EXECUTABLE_SUFFIX = "";
				GCC_GENERATE_DEBUGGING_SYMBOLS = NO;
				GCC_INLINES_ARE_PRIVATE_EXTERN = NO;
				GCC_OPTIMIZATION_LEVEL = 3;
				GCC_PREPROCESSOR_DEFINITIONS = ("'CMAKE_INTDIR=\"$(CONFIGURATION)$(EFFECTIVE_PLATFORM_NAME)\"'", G4ANALYSIS_USE_ROOT, );
				GCC_SYMBOLS_PRIVATE_EXTERN = NO;
				HEADER_SEARCH_PATHS = ("/Users/alex/Documents/l1t-macros/Event", "/Users/alex/Documents/l1t-macros/Plotting", "/Users/alex/Documents/l1t-macros/Tests", "/Users/alex/Documents/l1t-macros/Utilities", );
				INSTALL_PATH = "";
				LIBRARY_SEARCH_PATHS = "";
				OTHER_CFLAGS = "    -DNDEBUG  ";
				OTHER_CPLUSPLUSFLAGS = "    -DNDEBUG '-std=gnu++11'  ";
				OTHER_LDFLAGS = " -Wl,-search_paths_first -Wl,-headerpad_max_install_names  ";
				OTHER_REZFLAGS = "";
				PRODUCT_NAME = "l1t-macros";
				SECTORDER_FLAGS = "";
				SYMROOT = "/Users/alex/Documents/l1t-macros";
				USE_HEADERMAP = NO;
				WARNING_CFLAGS = ("-Wmost", "-Wno-four-char-constants", "-Wno-unknown-pragmas", "$(inherited)", );
			};
			name = Release;
		};
		CAEAA12E184F4DBBA51A1326 /* Release */ = {
			isa = XCBuildConfiguration;
			buildSettings = {
				COMBINE_HIDPI_IMAGES = YES;
				GCC_GENERATE_DEBUGGING_SYMBOLS = YES;
				GCC_INLINES_ARE_PRIVATE_EXTERN = NO;
				GCC_OPTIMIZATION_LEVEL = 0;
				GCC_PREPROCESSOR_DEFINITIONS = ("'CMAKE_INTDIR=\"$(CONFIGURATION)$(EFFECTIVE_PLATFORM_NAME)\"'", );
				GCC_SYMBOLS_PRIVATE_EXTERN = NO;
				HEADER_SEARCH_PATHS = ("/Users/alex/Documents/l1t-macros/Event", "/Users/alex/Documents/l1t-macros/Plotting", "/Users/alex/Documents/l1t-macros/Tests", "/Users/alex/Documents/l1t-macros/Utilities", );
				INSTALL_PATH = "";
				OTHER_LDFLAGS = " ";
				OTHER_REZFLAGS = "";
				PRODUCT_NAME = ALL_BUILD;
				SECTORDER_FLAGS = "";
				SYMROOT = "/Users/alex/Documents/l1t-macros";
				USE_HEADERMAP = NO;
				WARNING_CFLAGS = ("-Wmost", "-Wno-four-char-constants", "-Wno-unknown-pragmas", "$(inherited)", );
			};
			name = Release;
		};
		E4FC1B85DD654765AC889776 /* MinSizeRel */ = {
			isa = XCBuildConfiguration;
			buildSettings = {
				COMBINE_HIDPI_IMAGES = YES;
				EXECUTABLE_PREFIX = "";
				EXECUTABLE_SUFFIX = "";
				GCC_GENERATE_DEBUGGING_SYMBOLS = NO;
				GCC_INLINES_ARE_PRIVATE_EXTERN = NO;
				GCC_OPTIMIZATION_LEVEL = s;
				GCC_PREPROCESSOR_DEFINITIONS = ("'CMAKE_INTDIR=\"$(CONFIGURATION)$(EFFECTIVE_PLATFORM_NAME)\"'", G4ANALYSIS_USE_ROOT, );
				GCC_SYMBOLS_PRIVATE_EXTERN = NO;
				HEADER_SEARCH_PATHS = ("/Users/alex/Documents/l1t-macros/Event", "/Users/alex/Documents/l1t-macros/Plotting", "/Users/alex/Documents/l1t-macros/Tests", "/Users/alex/Documents/l1t-macros/Utilities", );
				INSTALL_PATH = "";
				LIBRARY_SEARCH_PATHS = "";
				OTHER_CFLAGS = "    -DNDEBUG  ";
				OTHER_CPLUSPLUSFLAGS = "    -DNDEBUG '-std=gnu++11'  ";
				OTHER_LDFLAGS = " -Wl,-search_paths_first -Wl,-headerpad_max_install_names  ";
				OTHER_REZFLAGS = "";
				PRODUCT_NAME = "l1t-macros";
				SECTORDER_FLAGS = "";
				SYMROOT = "/Users/alex/Documents/l1t-macros";
				USE_HEADERMAP = NO;
				WARNING_CFLAGS = ("-Wmost", "-Wno-four-char-constants", "-Wno-unknown-pragmas", "$(inherited)", );
			};
			name = MinSizeRel;
		};
		FB9919182A9C4EFCB82C703B /* MinSizeRel */ = {
			isa = XCBuildConfiguration;
			buildSettings = {
				COMBINE_HIDPI_IMAGES = YES;
				GCC_GENERATE_DEBUGGING_SYMBOLS = YES;
				GCC_INLINES_ARE_PRIVATE_EXTERN = NO;
				GCC_OPTIMIZATION_LEVEL = 0;
				GCC_PREPROCESSOR_DEFINITIONS = ("'CMAKE_INTDIR=\"$(CONFIGURATION)$(EFFECTIVE_PLATFORM_NAME)\"'", );
				GCC_SYMBOLS_PRIVATE_EXTERN = NO;
				HEADER_SEARCH_PATHS = ("/Users/alex/Documents/l1t-macros/Event", "/Users/alex/Documents/l1t-macros/Plotting", "/Users/alex/Documents/l1t-macros/Tests", "/Users/alex/Documents/l1t-macros/Utilities", );
				INSTALL_PATH = "";
				OTHER_LDFLAGS = " ";
				OTHER_REZFLAGS = "";
				PRODUCT_NAME = ZERO_CHECK;
				SECTORDER_FLAGS = "";
				SYMROOT = "/Users/alex/Documents/l1t-macros";
				USE_HEADERMAP = NO;
				WARNING_CFLAGS = ("-Wmost", "-Wno-four-char-constants", "-Wno-unknown-pragmas", "$(inherited)", );
			};
			name = MinSizeRel;
		};
/* End XCBuildConfiguration section */

/* Begin XCConfigurationList section */
		1F10C6F282434B6BBDBA029F /* Build configuration list for PBXAggregateTarget "ALL_BUILD" */ = {
			isa = XCConfigurationList;
			buildConfigurations = (
				3B437F6BE2884D778A37F7A9 /* Debug */,
				CAEAA12E184F4DBBA51A1326 /* Release */,
				02A555B3599746238B0CF01B /* MinSizeRel */,
				089B42FC18604B659FEAE7CC /* RelWithDebInfo */,
			);
			defaultConfigurationIsVisible = 0;
			defaultConfigurationName = Debug;
		};
		73001AA3AEAF4240BCA3D7D3 /* Build configuration list for PBXProject "l1t-macros" */ = {
			isa = XCConfigurationList;
			buildConfigurations = (
				1B15CFAF2BAF4AE4B8C0C81B /* Debug */,
				0F7F048E40D24A8EB5E017F1 /* Release */,
				64E03484E4C448CDA3E59844 /* MinSizeRel */,
				4E589723814941B88161F37F /* RelWithDebInfo */,
			);
			defaultConfigurationIsVisible = 0;
			defaultConfigurationName = Debug;
		};
		9C42D21109E4404E9BE2BE27 /* Build configuration list for PBXNativeTarget "l1t-macros" */ = {
			isa = XCConfigurationList;
			buildConfigurations = (
				59F8A697FB784EBC8D5E2206 /* Debug */,
				C40682E4CDD3464DBBE8DFDD /* Release */,
				E4FC1B85DD654765AC889776 /* MinSizeRel */,
				2AD3CDDC4C0E4CC3A81A337A /* RelWithDebInfo */,
			);
			defaultConfigurationIsVisible = 0;
			defaultConfigurationName = Debug;
		};
		B299B5B20DB74854B92E1512 /* Build configuration list for PBXAggregateTarget "ZERO_CHECK" */ = {
			isa = XCConfigurationList;
			buildConfigurations = (
				566DC5A4AA54431682F47D37 /* Debug */,
				08CA0DEBE7464B58B96FF167 /* Release */,
				FB9919182A9C4EFCB82C703B /* MinSizeRel */,
				5AF2B03961FD4A1C987D31BF /* RelWithDebInfo */,
			);
			defaultConfigurationIsVisible = 0;
			defaultConfigurationName = Debug;
		};
/* End XCConfigurationList section */
	};
	rootObject = 471A34D36FC041C2B75C7906 /* Project object */;
}
